// !$*UTF8*$!
{
	archiveVersion = 1;
	classes = {
	};
	objectVersion = 56;
	objects = {

/* Begin PBXBuildFile section */
		6E92B5F62AFDD52D004C4591 /* AppDelegate.swift in Sources */ = {isa = PBXBuildFile; fileRef = 6E92B5F52AFDD52D004C4591 /* AppDelegate.swift */; };
		6E92B5FA2AFDD52D004C4591 /* ViewController.swift in Sources */ = {isa = PBXBuildFile; fileRef = 6E92B5F92AFDD52D004C4591 /* ViewController.swift */; };
		6E92B5FF2AFDD52E004C4591 /* Assets.xcassets in Resources */ = {isa = PBXBuildFile; fileRef = 6E92B5FE2AFDD52E004C4591 /* Assets.xcassets */; };
		6E92B6022AFDD52E004C4591 /* LaunchScreen.storyboard in Resources */ = {isa = PBXBuildFile; fileRef = 6E92B6002AFDD52E004C4591 /* LaunchScreen.storyboard */; };
		6E92B60D2AFDD52E004C4591 /* ChatAppTests.swift in Sources */ = {isa = PBXBuildFile; fileRef = 6E92B60C2AFDD52E004C4591 /* ChatAppTests.swift */; };
		6E92B6172AFDD52E004C4591 /* ChatAppUITests.swift in Sources */ = {isa = PBXBuildFile; fileRef = 6E92B6162AFDD52E004C4591 /* ChatAppUITests.swift */; };
		6E92B6192AFDD52E004C4591 /* ChatAppUITestsLaunchTests.swift in Sources */ = {isa = PBXBuildFile; fileRef = 6E92B6182AFDD52E004C4591 /* ChatAppUITestsLaunchTests.swift */; };
		6E92B62E2AFDD5F3004C4591 /* LoginViewController.swift in Sources */ = {isa = PBXBuildFile; fileRef = 6E92B62D2AFDD5F3004C4591 /* LoginViewController.swift */; };
		6E92B6302AFDD641004C4591 /* RegisterViewController.swift in Sources */ = {isa = PBXBuildFile; fileRef = 6E92B62F2AFDD641004C4591 /* RegisterViewController.swift */; };
		6E92B6342AFDF368004C4591 /* SnapKit in Frameworks */ = {isa = PBXBuildFile; productRef = 6E92B6332AFDF368004C4591 /* SnapKit */; };
		6E92B6392AFDF7A9004C4591 /* UIColor+Ext.swift in Sources */ = {isa = PBXBuildFile; fileRef = 6E92B6382AFDF7A9004C4591 /* UIColor+Ext.swift */; };
		6E92B63B2AFDF7F5004C4591 /* ThemeFont.swift in Sources */ = {isa = PBXBuildFile; fileRef = 6E92B63A2AFDF7F5004C4591 /* ThemeFont.swift */; };
		6E92B63D2AFDF80D004C4591 /* ThemeColor.swift in Sources */ = {isa = PBXBuildFile; fileRef = 6E92B63C2AFDF80D004C4591 /* ThemeColor.swift */; };
		6E92B63E2AFDF902004C4591 /* SceneDelegate.swift in Sources */ = {isa = PBXBuildFile; fileRef = 6E92B5F72AFDD52D004C4591 /* SceneDelegate.swift */; };
		6E92B6412AFE0C64004C4591 /* UIView+Ext.swift in Sources */ = {isa = PBXBuildFile; fileRef = 6E92B6402AFE0C64004C4591 /* UIView+Ext.swift */; };
		6E92B6442AFE0DF8004C4591 /* CombineCocoa in Frameworks */ = {isa = PBXBuildFile; productRef = 6E92B6432AFE0DF8004C4591 /* CombineCocoa */; };
		6E92B6462AFE130C004C4591 /* UITextField.swift in Sources */ = {isa = PBXBuildFile; fileRef = 6E92B6452AFE130C004C4591 /* UITextField.swift */; };
		6E92B6492AFE2544004C4591 /* LoginViewModel.swift in Sources */ = {isa = PBXBuildFile; fileRef = 6E92B6482AFE2544004C4591 /* LoginViewModel.swift */; };
		6E92B64C2AFE26BA004C4591 /* ViewModelType.swift in Sources */ = {isa = PBXBuildFile; fileRef = 6E92B64B2AFE26BA004C4591 /* ViewModelType.swift */; };
		6E92B64F2B01FCA9004C4591 /* Login.swift in Sources */ = {isa = PBXBuildFile; fileRef = 6E92B64E2B01FCA9004C4591 /* Login.swift */; };
/* End PBXBuildFile section */

/* Begin PBXContainerItemProxy section */
		6E92B6092AFDD52E004C4591 /* PBXContainerItemProxy */ = {
			isa = PBXContainerItemProxy;
			containerPortal = 6E92B5EA2AFDD52D004C4591 /* Project object */;
			proxyType = 1;
			remoteGlobalIDString = 6E92B5F12AFDD52D004C4591;
			remoteInfo = ChatApp;
		};
		6E92B6132AFDD52E004C4591 /* PBXContainerItemProxy */ = {
			isa = PBXContainerItemProxy;
			containerPortal = 6E92B5EA2AFDD52D004C4591 /* Project object */;
			proxyType = 1;
			remoteGlobalIDString = 6E92B5F12AFDD52D004C4591;
			remoteInfo = ChatApp;
		};
/* End PBXContainerItemProxy section */

/* Begin PBXFileReference section */
		6E92B5F22AFDD52D004C4591 /* ChatApp.app */ = {isa = PBXFileReference; explicitFileType = wrapper.application; includeInIndex = 0; path = ChatApp.app; sourceTree = BUILT_PRODUCTS_DIR; };
		6E92B5F52AFDD52D004C4591 /* AppDelegate.swift */ = {isa = PBXFileReference; lastKnownFileType = sourcecode.swift; path = AppDelegate.swift; sourceTree = "<group>"; };
		6E92B5F72AFDD52D004C4591 /* SceneDelegate.swift */ = {isa = PBXFileReference; lastKnownFileType = sourcecode.swift; path = SceneDelegate.swift; sourceTree = "<group>"; };
		6E92B5F92AFDD52D004C4591 /* ViewController.swift */ = {isa = PBXFileReference; lastKnownFileType = sourcecode.swift; path = ViewController.swift; sourceTree = "<group>"; };
		6E92B5FE2AFDD52E004C4591 /* Assets.xcassets */ = {isa = PBXFileReference; lastKnownFileType = folder.assetcatalog; path = Assets.xcassets; sourceTree = "<group>"; };
		6E92B6012AFDD52E004C4591 /* Base */ = {isa = PBXFileReference; lastKnownFileType = file.storyboard; name = Base; path = Base.lproj/LaunchScreen.storyboard; sourceTree = "<group>"; };
		6E92B6032AFDD52E004C4591 /* Info.plist */ = {isa = PBXFileReference; lastKnownFileType = text.plist.xml; path = Info.plist; sourceTree = "<group>"; };
		6E92B6082AFDD52E004C4591 /* ChatAppTests.xctest */ = {isa = PBXFileReference; explicitFileType = wrapper.cfbundle; includeInIndex = 0; path = ChatAppTests.xctest; sourceTree = BUILT_PRODUCTS_DIR; };
		6E92B60C2AFDD52E004C4591 /* ChatAppTests.swift */ = {isa = PBXFileReference; lastKnownFileType = sourcecode.swift; path = ChatAppTests.swift; sourceTree = "<group>"; };
		6E92B6122AFDD52E004C4591 /* ChatAppUITests.xctest */ = {isa = PBXFileReference; explicitFileType = wrapper.cfbundle; includeInIndex = 0; path = ChatAppUITests.xctest; sourceTree = BUILT_PRODUCTS_DIR; };
		6E92B6162AFDD52E004C4591 /* ChatAppUITests.swift */ = {isa = PBXFileReference; lastKnownFileType = sourcecode.swift; path = ChatAppUITests.swift; sourceTree = "<group>"; };
		6E92B6182AFDD52E004C4591 /* ChatAppUITestsLaunchTests.swift */ = {isa = PBXFileReference; lastKnownFileType = sourcecode.swift; path = ChatAppUITestsLaunchTests.swift; sourceTree = "<group>"; };
		6E92B62D2AFDD5F3004C4591 /* LoginViewController.swift */ = {isa = PBXFileReference; lastKnownFileType = sourcecode.swift; path = LoginViewController.swift; sourceTree = "<group>"; };
		6E92B62F2AFDD641004C4591 /* RegisterViewController.swift */ = {isa = PBXFileReference; lastKnownFileType = sourcecode.swift; path = RegisterViewController.swift; sourceTree = "<group>"; };
		6E92B6382AFDF7A9004C4591 /* UIColor+Ext.swift */ = {isa = PBXFileReference; lastKnownFileType = sourcecode.swift; path = "UIColor+Ext.swift"; sourceTree = "<group>"; };
		6E92B63A2AFDF7F5004C4591 /* ThemeFont.swift */ = {isa = PBXFileReference; lastKnownFileType = sourcecode.swift; path = ThemeFont.swift; sourceTree = "<group>"; };
		6E92B63C2AFDF80D004C4591 /* ThemeColor.swift */ = {isa = PBXFileReference; lastKnownFileType = sourcecode.swift; path = ThemeColor.swift; sourceTree = "<group>"; };
		6E92B6402AFE0C64004C4591 /* UIView+Ext.swift */ = {isa = PBXFileReference; lastKnownFileType = sourcecode.swift; path = "UIView+Ext.swift"; sourceTree = "<group>"; };
		6E92B6452AFE130C004C4591 /* UITextField.swift */ = {isa = PBXFileReference; lastKnownFileType = sourcecode.swift; path = UITextField.swift; sourceTree = "<group>"; };
		6E92B6482AFE2544004C4591 /* LoginViewModel.swift */ = {isa = PBXFileReference; lastKnownFileType = sourcecode.swift; path = LoginViewModel.swift; sourceTree = "<group>"; };
		6E92B64B2AFE26BA004C4591 /* ViewModelType.swift */ = {isa = PBXFileReference; lastKnownFileType = sourcecode.swift; path = ViewModelType.swift; sourceTree = "<group>"; };
		6E92B64E2B01FCA9004C4591 /* Login.swift */ = {isa = PBXFileReference; lastKnownFileType = sourcecode.swift; path = Login.swift; sourceTree = "<group>"; };
/* End PBXFileReference section */

/* Begin PBXFrameworksBuildPhase section */
		6E92B5EF2AFDD52D004C4591 /* Frameworks */ = {
			isa = PBXFrameworksBuildPhase;
			buildActionMask = 2147483647;
			files = (
				6E92B6442AFE0DF8004C4591 /* CombineCocoa in Frameworks */,
				6E92B6342AFDF368004C4591 /* SnapKit in Frameworks */,
			);
			runOnlyForDeploymentPostprocessing = 0;
		};
		6E92B6052AFDD52E004C4591 /* Frameworks */ = {
			isa = PBXFrameworksBuildPhase;
			buildActionMask = 2147483647;
			files = (
			);
			runOnlyForDeploymentPostprocessing = 0;
		};
		6E92B60F2AFDD52E004C4591 /* Frameworks */ = {
			isa = PBXFrameworksBuildPhase;
			buildActionMask = 2147483647;
			files = (
			);
			runOnlyForDeploymentPostprocessing = 0;
		};
/* End PBXFrameworksBuildPhase section */

/* Begin PBXGroup section */
		6E92B5E92AFDD52D004C4591 = {
			isa = PBXGroup;
			children = (
				6E92B5F42AFDD52D004C4591 /* ChatApp */,
				6E92B60B2AFDD52E004C4591 /* ChatAppTests */,
				6E92B6152AFDD52E004C4591 /* ChatAppUITests */,
				6E92B5F32AFDD52D004C4591 /* Products */,
			);
			sourceTree = "<group>";
		};
		6E92B5F32AFDD52D004C4591 /* Products */ = {
			isa = PBXGroup;
			children = (
				6E92B5F22AFDD52D004C4591 /* ChatApp.app */,
				6E92B6082AFDD52E004C4591 /* ChatAppTests.xctest */,
				6E92B6122AFDD52E004C4591 /* ChatAppUITests.xctest */,
			);
			name = Products;
			sourceTree = "<group>";
		};
		6E92B5F42AFDD52D004C4591 /* ChatApp */ = {
			isa = PBXGroup;
			children = (
				6E92B6272AFDD553004C4591 /* Shared Files */,
				6E92B6262AFDD54F004C4591 /* Module */,
				6E92B6252AFDD54A004C4591 /* Support */,
			);
			path = ChatApp;
			sourceTree = "<group>";
		};
		6E92B60B2AFDD52E004C4591 /* ChatAppTests */ = {
			isa = PBXGroup;
			children = (
				6E92B60C2AFDD52E004C4591 /* ChatAppTests.swift */,
			);
			path = ChatAppTests;
			sourceTree = "<group>";
		};
		6E92B6152AFDD52E004C4591 /* ChatAppUITests */ = {
			isa = PBXGroup;
			children = (
				6E92B6162AFDD52E004C4591 /* ChatAppUITests.swift */,
				6E92B6182AFDD52E004C4591 /* ChatAppUITestsLaunchTests.swift */,
			);
			path = ChatAppUITests;
			sourceTree = "<group>";
		};
		6E92B6252AFDD54A004C4591 /* Support */ = {
			isa = PBXGroup;
			children = (
				6E92B6032AFDD52E004C4591 /* Info.plist */,
				6E92B5F52AFDD52D004C4591 /* AppDelegate.swift */,
				6E92B5F72AFDD52D004C4591 /* SceneDelegate.swift */,
				6E92B5F92AFDD52D004C4591 /* ViewController.swift */,
				6E92B5FE2AFDD52E004C4591 /* Assets.xcassets */,
				6E92B6002AFDD52E004C4591 /* LaunchScreen.storyboard */,
			);
			path = Support;
			sourceTree = "<group>";
		};
		6E92B6262AFDD54F004C4591 /* Module */ = {
			isa = PBXGroup;
			children = (
				6E92B62C2AFDD58A004C4591 /* API */,
				6E92B62B2AFDD584004C4591 /* Model */,
				6E92B62A2AFDD57D004C4591 /* View */,
				6E92B6292AFDD579004C4591 /* ViewModel */,
				6E92B6282AFDD575004C4591 /* Controller */,
			);
			path = Module;
			sourceTree = "<group>";
		};
		6E92B6272AFDD553004C4591 /* Shared Files */ = {
			isa = PBXGroup;
			children = (
				6E92B6312AFDF33D004C4591 /* Extension */,
				6E92B63A2AFDF7F5004C4591 /* ThemeFont.swift */,
				6E92B63C2AFDF80D004C4591 /* ThemeColor.swift */,
			);
			path = "Shared Files";
			sourceTree = "<group>";
		};
		6E92B6282AFDD575004C4591 /* Controller */ = {
			isa = PBXGroup;
			children = (
				6E92B62D2AFDD5F3004C4591 /* LoginViewController.swift */,
				6E92B62F2AFDD641004C4591 /* RegisterViewController.swift */,
			);
			path = Controller;
			sourceTree = "<group>";
		};
		6E92B6292AFDD579004C4591 /* ViewModel */ = {
			isa = PBXGroup;
			children = (
				6E92B6472AFE253C004C4591 /* Login */,
			);
			path = ViewModel;
			sourceTree = "<group>";
		};
		6E92B62A2AFDD57D004C4591 /* View */ = {
			isa = PBXGroup;
			children = (
			);
			path = View;
			sourceTree = "<group>";
		};
		6E92B62B2AFDD584004C4591 /* Model */ = {
			isa = PBXGroup;
			children = (
				6E92B64D2B01FCA2004C4591 /* Login */,
				6E92B64A2AFE26B0004C4591 /* ViewModel */,
			);
			path = Model;
			sourceTree = "<group>";
		};
		6E92B62C2AFDD58A004C4591 /* API */ = {
			isa = PBXGroup;
			children = (
			);
			path = API;
			sourceTree = "<group>";
		};
		6E92B6312AFDF33D004C4591 /* Extension */ = {
			isa = PBXGroup;
			children = (
				6E92B6382AFDF7A9004C4591 /* UIColor+Ext.swift */,
				6E92B6402AFE0C64004C4591 /* UIView+Ext.swift */,
				6E92B6452AFE130C004C4591 /* UITextField.swift */,
			);
			path = Extension;
			sourceTree = "<group>";
		};
		6E92B6472AFE253C004C4591 /* Login */ = {
			isa = PBXGroup;
			children = (
				6E92B6482AFE2544004C4591 /* LoginViewModel.swift */,
			);
			path = Login;
			sourceTree = "<group>";
		};
		6E92B64A2AFE26B0004C4591 /* ViewModel */ = {
			isa = PBXGroup;
			children = (
				6E92B64B2AFE26BA004C4591 /* ViewModelType.swift */,
			);
			path = ViewModel;
			sourceTree = "<group>";
		};
		6E92B64D2B01FCA2004C4591 /* Login */ = {
			isa = PBXGroup;
			children = (
				6E92B64E2B01FCA9004C4591 /* Login.swift */,
			);
			path = Login;
			sourceTree = "<group>";
		};
/* End PBXGroup section */

/* Begin PBXNativeTarget section */
		6E92B5F12AFDD52D004C4591 /* ChatApp */ = {
			isa = PBXNativeTarget;
			buildConfigurationList = 6E92B61C2AFDD52E004C4591 /* Build configuration list for PBXNativeTarget "ChatApp" */;
			buildPhases = (
				6E92B5EE2AFDD52D004C4591 /* Sources */,
				6E92B5EF2AFDD52D004C4591 /* Frameworks */,
				6E92B5F02AFDD52D004C4591 /* Resources */,
			);
			buildRules = (
			);
			dependencies = (
			);
			name = ChatApp;
			packageProductDependencies = (
				6E92B6332AFDF368004C4591 /* SnapKit */,
				6E92B6432AFE0DF8004C4591 /* CombineCocoa */,
			);
			productName = ChatApp;
			productReference = 6E92B5F22AFDD52D004C4591 /* ChatApp.app */;
			productType = "com.apple.product-type.application";
		};
		6E92B6072AFDD52E004C4591 /* ChatAppTests */ = {
			isa = PBXNativeTarget;
			buildConfigurationList = 6E92B61F2AFDD52E004C4591 /* Build configuration list for PBXNativeTarget "ChatAppTests" */;
			buildPhases = (
				6E92B6042AFDD52E004C4591 /* Sources */,
				6E92B6052AFDD52E004C4591 /* Frameworks */,
				6E92B6062AFDD52E004C4591 /* Resources */,
			);
			buildRules = (
			);
			dependencies = (
				6E92B60A2AFDD52E004C4591 /* PBXTargetDependency */,
			);
			name = ChatAppTests;
			productName = ChatAppTests;
			productReference = 6E92B6082AFDD52E004C4591 /* ChatAppTests.xctest */;
			productType = "com.apple.product-type.bundle.unit-test";
		};
		6E92B6112AFDD52E004C4591 /* ChatAppUITests */ = {
			isa = PBXNativeTarget;
			buildConfigurationList = 6E92B6222AFDD52E004C4591 /* Build configuration list for PBXNativeTarget "ChatAppUITests" */;
			buildPhases = (
				6E92B60E2AFDD52E004C4591 /* Sources */,
				6E92B60F2AFDD52E004C4591 /* Frameworks */,
				6E92B6102AFDD52E004C4591 /* Resources */,
			);
			buildRules = (
			);
			dependencies = (
				6E92B6142AFDD52E004C4591 /* PBXTargetDependency */,
			);
			name = ChatAppUITests;
			productName = ChatAppUITests;
			productReference = 6E92B6122AFDD52E004C4591 /* ChatAppUITests.xctest */;
			productType = "com.apple.product-type.bundle.ui-testing";
		};
/* End PBXNativeTarget section */

/* Begin PBXProject section */
		6E92B5EA2AFDD52D004C4591 /* Project object */ = {
			isa = PBXProject;
			attributes = {
				BuildIndependentTargetsInParallel = 1;
				LastSwiftUpdateCheck = 1500;
				LastUpgradeCheck = 1500;
				TargetAttributes = {
					6E92B5F12AFDD52D004C4591 = {
						CreatedOnToolsVersion = 15.0.1;
					};
					6E92B6072AFDD52E004C4591 = {
						CreatedOnToolsVersion = 15.0.1;
						TestTargetID = 6E92B5F12AFDD52D004C4591;
					};
					6E92B6112AFDD52E004C4591 = {
						CreatedOnToolsVersion = 15.0.1;
						TestTargetID = 6E92B5F12AFDD52D004C4591;
					};
				};
			};
			buildConfigurationList = 6E92B5ED2AFDD52D004C4591 /* Build configuration list for PBXProject "ChatApp" */;
			compatibilityVersion = "Xcode 14.0";
			developmentRegion = en;
			hasScannedForEncodings = 0;
			knownRegions = (
				en,
				Base,
			);
			mainGroup = 6E92B5E92AFDD52D004C4591;
			packageReferences = (
				6E92B6322AFDF368004C4591 /* XCRemoteSwiftPackageReference "SnapKit" */,
				6E92B6422AFE0DF8004C4591 /* XCRemoteSwiftPackageReference "CombineCocoa" */,
			);
			productRefGroup = 6E92B5F32AFDD52D004C4591 /* Products */;
			projectDirPath = "";
			projectRoot = "";
			targets = (
				6E92B5F12AFDD52D004C4591 /* ChatApp */,
				6E92B6072AFDD52E004C4591 /* ChatAppTests */,
				6E92B6112AFDD52E004C4591 /* ChatAppUITests */,
			);
		};
/* End PBXProject section */

/* Begin PBXResourcesBuildPhase section */
		6E92B5F02AFDD52D004C4591 /* Resources */ = {
			isa = PBXResourcesBuildPhase;
			buildActionMask = 2147483647;
			files = (
				6E92B6022AFDD52E004C4591 /* LaunchScreen.storyboard in Resources */,
				6E92B5FF2AFDD52E004C4591 /* Assets.xcassets in Resources */,
			);
			runOnlyForDeploymentPostprocessing = 0;
		};
		6E92B6062AFDD52E004C4591 /* Resources */ = {
			isa = PBXResourcesBuildPhase;
			buildActionMask = 2147483647;
			files = (
			);
			runOnlyForDeploymentPostprocessing = 0;
		};
		6E92B6102AFDD52E004C4591 /* Resources */ = {
			isa = PBXResourcesBuildPhase;
			buildActionMask = 2147483647;
			files = (
			);
			runOnlyForDeploymentPostprocessing = 0;
		};
/* End PBXResourcesBuildPhase section */

/* Begin PBXSourcesBuildPhase section */
		6E92B5EE2AFDD52D004C4591 /* Sources */ = {
			isa = PBXSourcesBuildPhase;
			buildActionMask = 2147483647;
			files = (
				6E92B6392AFDF7A9004C4591 /* UIColor+Ext.swift in Sources */,
				6E92B6462AFE130C004C4591 /* UITextField.swift in Sources */,
				6E92B64F2B01FCA9004C4591 /* Login.swift in Sources */,
				6E92B6492AFE2544004C4591 /* LoginViewModel.swift in Sources */,
				6E92B63D2AFDF80D004C4591 /* ThemeColor.swift in Sources */,
				6E92B62E2AFDD5F3004C4591 /* LoginViewController.swift in Sources */,
				6E92B6302AFDD641004C4591 /* RegisterViewController.swift in Sources */,
				6E92B63B2AFDF7F5004C4591 /* ThemeFont.swift in Sources */,
				6E92B6412AFE0C64004C4591 /* UIView+Ext.swift in Sources */,
				6E92B64C2AFE26BA004C4591 /* ViewModelType.swift in Sources */,
				6E92B5FA2AFDD52D004C4591 /* ViewController.swift in Sources */,
				6E92B5F62AFDD52D004C4591 /* AppDelegate.swift in Sources */,
				6E92B63E2AFDF902004C4591 /* SceneDelegate.swift in Sources */,
			);
			runOnlyForDeploymentPostprocessing = 0;
		};
		6E92B6042AFDD52E004C4591 /* Sources */ = {
			isa = PBXSourcesBuildPhase;
			buildActionMask = 2147483647;
			files = (
				6E92B60D2AFDD52E004C4591 /* ChatAppTests.swift in Sources */,
			);
			runOnlyForDeploymentPostprocessing = 0;
		};
		6E92B60E2AFDD52E004C4591 /* Sources */ = {
			isa = PBXSourcesBuildPhase;
			buildActionMask = 2147483647;
			files = (
				6E92B6192AFDD52E004C4591 /* ChatAppUITestsLaunchTests.swift in Sources */,
				6E92B6172AFDD52E004C4591 /* ChatAppUITests.swift in Sources */,
			);
			runOnlyForDeploymentPostprocessing = 0;
		};
/* End PBXSourcesBuildPhase section */

/* Begin PBXTargetDependency section */
		6E92B60A2AFDD52E004C4591 /* PBXTargetDependency */ = {
			isa = PBXTargetDependency;
			target = 6E92B5F12AFDD52D004C4591 /* ChatApp */;
			targetProxy = 6E92B6092AFDD52E004C4591 /* PBXContainerItemProxy */;
		};
		6E92B6142AFDD52E004C4591 /* PBXTargetDependency */ = {
			isa = PBXTargetDependency;
			target = 6E92B5F12AFDD52D004C4591 /* ChatApp */;
			targetProxy = 6E92B6132AFDD52E004C4591 /* PBXContainerItemProxy */;
		};
/* End PBXTargetDependency section */

/* Begin PBXVariantGroup section */
		6E92B6002AFDD52E004C4591 /* LaunchScreen.storyboard */ = {
			isa = PBXVariantGroup;
			children = (
				6E92B6012AFDD52E004C4591 /* Base */,
			);
			name = LaunchScreen.storyboard;
			sourceTree = "<group>";
		};
/* End PBXVariantGroup section */

/* Begin XCBuildConfiguration section */
		6E92B61A2AFDD52E004C4591 /* Debug */ = {
			isa = XCBuildConfiguration;
			buildSettings = {
				ALWAYS_SEARCH_USER_PATHS = NO;
				ASSETCATALOG_COMPILER_GENERATE_SWIFT_ASSET_SYMBOL_EXTENSIONS = YES;
				CLANG_ANALYZER_NONNULL = YES;
				CLANG_ANALYZER_NUMBER_OBJECT_CONVERSION = YES_AGGRESSIVE;
				CLANG_CXX_LANGUAGE_STANDARD = "gnu++20";
				CLANG_ENABLE_MODULES = YES;
				CLANG_ENABLE_OBJC_ARC = YES;
				CLANG_ENABLE_OBJC_WEAK = YES;
				CLANG_WARN_BLOCK_CAPTURE_AUTORELEASING = YES;
				CLANG_WARN_BOOL_CONVERSION = YES;
				CLANG_WARN_COMMA = YES;
				CLANG_WARN_CONSTANT_CONVERSION = YES;
				CLANG_WARN_DEPRECATED_OBJC_IMPLEMENTATIONS = YES;
				CLANG_WARN_DIRECT_OBJC_ISA_USAGE = YES_ERROR;
				CLANG_WARN_DOCUMENTATION_COMMENTS = YES;
				CLANG_WARN_EMPTY_BODY = YES;
				CLANG_WARN_ENUM_CONVERSION = YES;
				CLANG_WARN_INFINITE_RECURSION = YES;
				CLANG_WARN_INT_CONVERSION = YES;
				CLANG_WARN_NON_LITERAL_NULL_CONVERSION = YES;
				CLANG_WARN_OBJC_IMPLICIT_RETAIN_SELF = YES;
				CLANG_WARN_OBJC_LITERAL_CONVERSION = YES;
				CLANG_WARN_OBJC_ROOT_CLASS = YES_ERROR;
				CLANG_WARN_QUOTED_INCLUDE_IN_FRAMEWORK_HEADER = YES;
				CLANG_WARN_RANGE_LOOP_ANALYSIS = YES;
				CLANG_WARN_STRICT_PROTOTYPES = YES;
				CLANG_WARN_SUSPICIOUS_MOVE = YES;
				CLANG_WARN_UNGUARDED_AVAILABILITY = YES_AGGRESSIVE;
				CLANG_WARN_UNREACHABLE_CODE = YES;
				CLANG_WARN__DUPLICATE_METHOD_MATCH = YES;
				COPY_PHASE_STRIP = NO;
				DEBUG_INFORMATION_FORMAT = dwarf;
				ENABLE_STRICT_OBJC_MSGSEND = YES;
				ENABLE_TESTABILITY = YES;
				ENABLE_USER_SCRIPT_SANDBOXING = YES;
				GCC_C_LANGUAGE_STANDARD = gnu17;
				GCC_DYNAMIC_NO_PIC = NO;
				GCC_NO_COMMON_BLOCKS = YES;
				GCC_OPTIMIZATION_LEVEL = 0;
				GCC_PREPROCESSOR_DEFINITIONS = (
					"DEBUG=1",
					"$(inherited)",
				);
				GCC_WARN_64_TO_32_BIT_CONVERSION = YES;
				GCC_WARN_ABOUT_RETURN_TYPE = YES_ERROR;
				GCC_WARN_UNDECLARED_SELECTOR = YES;
				GCC_WARN_UNINITIALIZED_AUTOS = YES_AGGRESSIVE;
				GCC_WARN_UNUSED_FUNCTION = YES;
				GCC_WARN_UNUSED_VARIABLE = YES;
				IPHONEOS_DEPLOYMENT_TARGET = 17.0;
				LOCALIZATION_PREFERS_STRING_CATALOGS = YES;
				MTL_ENABLE_DEBUG_INFO = INCLUDE_SOURCE;
				MTL_FAST_MATH = YES;
				ONLY_ACTIVE_ARCH = YES;
				SDKROOT = iphoneos;
				SWIFT_ACTIVE_COMPILATION_CONDITIONS = "DEBUG $(inherited)";
				SWIFT_OPTIMIZATION_LEVEL = "-Onone";
			};
			name = Debug;
		};
		6E92B61B2AFDD52E004C4591 /* Release */ = {
			isa = XCBuildConfiguration;
			buildSettings = {
				ALWAYS_SEARCH_USER_PATHS = NO;
				ASSETCATALOG_COMPILER_GENERATE_SWIFT_ASSET_SYMBOL_EXTENSIONS = YES;
				CLANG_ANALYZER_NONNULL = YES;
				CLANG_ANALYZER_NUMBER_OBJECT_CONVERSION = YES_AGGRESSIVE;
				CLANG_CXX_LANGUAGE_STANDARD = "gnu++20";
				CLANG_ENABLE_MODULES = YES;
				CLANG_ENABLE_OBJC_ARC = YES;
				CLANG_ENABLE_OBJC_WEAK = YES;
				CLANG_WARN_BLOCK_CAPTURE_AUTORELEASING = YES;
				CLANG_WARN_BOOL_CONVERSION = YES;
				CLANG_WARN_COMMA = YES;
				CLANG_WARN_CONSTANT_CONVERSION = YES;
				CLANG_WARN_DEPRECATED_OBJC_IMPLEMENTATIONS = YES;
				CLANG_WARN_DIRECT_OBJC_ISA_USAGE = YES_ERROR;
				CLANG_WARN_DOCUMENTATION_COMMENTS = YES;
				CLANG_WARN_EMPTY_BODY = YES;
				CLANG_WARN_ENUM_CONVERSION = YES;
				CLANG_WARN_INFINITE_RECURSION = YES;
				CLANG_WARN_INT_CONVERSION = YES;
				CLANG_WARN_NON_LITERAL_NULL_CONVERSION = YES;
				CLANG_WARN_OBJC_IMPLICIT_RETAIN_SELF = YES;
				CLANG_WARN_OBJC_LITERAL_CONVERSION = YES;
				CLANG_WARN_OBJC_ROOT_CLASS = YES_ERROR;
				CLANG_WARN_QUOTED_INCLUDE_IN_FRAMEWORK_HEADER = YES;
				CLANG_WARN_RANGE_LOOP_ANALYSIS = YES;
				CLANG_WARN_STRICT_PROTOTYPES = YES;
				CLANG_WARN_SUSPICIOUS_MOVE = YES;
				CLANG_WARN_UNGUARDED_AVAILABILITY = YES_AGGRESSIVE;
				CLANG_WARN_UNREACHABLE_CODE = YES;
				CLANG_WARN__DUPLICATE_METHOD_MATCH = YES;
				COPY_PHASE_STRIP = NO;
				DEBUG_INFORMATION_FORMAT = "dwarf-with-dsym";
				ENABLE_NS_ASSERTIONS = NO;
				ENABLE_STRICT_OBJC_MSGSEND = YES;
				ENABLE_USER_SCRIPT_SANDBOXING = YES;
				GCC_C_LANGUAGE_STANDARD = gnu17;
				GCC_NO_COMMON_BLOCKS = YES;
				GCC_WARN_64_TO_32_BIT_CONVERSION = YES;
				GCC_WARN_ABOUT_RETURN_TYPE = YES_ERROR;
				GCC_WARN_UNDECLARED_SELECTOR = YES;
				GCC_WARN_UNINITIALIZED_AUTOS = YES_AGGRESSIVE;
				GCC_WARN_UNUSED_FUNCTION = YES;
				GCC_WARN_UNUSED_VARIABLE = YES;
				IPHONEOS_DEPLOYMENT_TARGET = 17.0;
				LOCALIZATION_PREFERS_STRING_CATALOGS = YES;
				MTL_ENABLE_DEBUG_INFO = NO;
				MTL_FAST_MATH = YES;
				SDKROOT = iphoneos;
				SWIFT_COMPILATION_MODE = wholemodule;
				VALIDATE_PRODUCT = YES;
			};
			name = Release;
		};
		6E92B61D2AFDD52E004C4591 /* Debug */ = {
			isa = XCBuildConfiguration;
			buildSettings = {
				ASSETCATALOG_COMPILER_APPICON_NAME = AppIcon;
				ASSETCATALOG_COMPILER_GLOBAL_ACCENT_COLOR_NAME = AccentColor;
				CODE_SIGN_STYLE = Automatic;
				CURRENT_PROJECT_VERSION = 1;
				DEVELOPMENT_TEAM = 7YM75J8UJJ;
				GENERATE_INFOPLIST_FILE = YES;
				INFOPLIST_FILE = ChatApp/Support/Info.plist;
				INFOPLIST_KEY_UIApplicationSupportsIndirectInputEvents = YES;
				INFOPLIST_KEY_UILaunchStoryboardName = LaunchScreen;
				INFOPLIST_KEY_UIStatusBarStyle = UIStatusBarStyleLightContent;
				INFOPLIST_KEY_UISupportedInterfaceOrientations = UIInterfaceOrientationPortrait;
				INFOPLIST_KEY_UISupportedInterfaceOrientations_iPad = "UIInterfaceOrientationLandscapeLeft UIInterfaceOrientationLandscapeRight UIInterfaceOrientationPortrait UIInterfaceOrientationPortraitUpsideDown";
				IPHONEOS_DEPLOYMENT_TARGET = 15.0;
				LD_RUNPATH_SEARCH_PATHS = (
					"$(inherited)",
					"@executable_path/Frameworks",
				);
				MARKETING_VERSION = 1.0;
				PRODUCT_BUNDLE_IDENTIFIER = com.CY.ChatApp;
				PRODUCT_NAME = "$(TARGET_NAME)";
				SUPPORTED_PLATFORMS = "iphoneos iphonesimulator";
				SUPPORTS_MACCATALYST = NO;
				SUPPORTS_MAC_DESIGNED_FOR_IPHONE_IPAD = NO;
				SWIFT_EMIT_LOC_STRINGS = YES;
				SWIFT_VERSION = 5.0;
				TARGETED_DEVICE_FAMILY = 1;
			};
			name = Debug;
		};
		6E92B61E2AFDD52E004C4591 /* Release */ = {
			isa = XCBuildConfiguration;
			buildSettings = {
				ASSETCATALOG_COMPILER_APPICON_NAME = AppIcon;
				ASSETCATALOG_COMPILER_GLOBAL_ACCENT_COLOR_NAME = AccentColor;
				CODE_SIGN_STYLE = Automatic;
				CURRENT_PROJECT_VERSION = 1;
				DEVELOPMENT_TEAM = 7YM75J8UJJ;
				GENERATE_INFOPLIST_FILE = YES;
				INFOPLIST_FILE = ChatApp/Support/Info.plist;
				INFOPLIST_KEY_UIApplicationSupportsIndirectInputEvents = YES;
				INFOPLIST_KEY_UILaunchStoryboardName = LaunchScreen;
				INFOPLIST_KEY_UIStatusBarStyle = UIStatusBarStyleLightContent;
				INFOPLIST_KEY_UISupportedInterfaceOrientations = UIInterfaceOrientationPortrait;
				INFOPLIST_KEY_UISupportedInterfaceOrientations_iPad = "UIInterfaceOrientationLandscapeLeft UIInterfaceOrientationLandscapeRight UIInterfaceOrientationPortrait UIInterfaceOrientationPortraitUpsideDown";
				IPHONEOS_DEPLOYMENT_TARGET = 15.0;
				LD_RUNPATH_SEARCH_PATHS = (
					"$(inherited)",
					"@executable_path/Frameworks",
				);
				MARKETING_VERSION = 1.0;
				PRODUCT_BUNDLE_IDENTIFIER = com.CY.ChatApp;
				PRODUCT_NAME = "$(TARGET_NAME)";
				SUPPORTED_PLATFORMS = "iphoneos iphonesimulator";
				SUPPORTS_MACCATALYST = NO;
				SUPPORTS_MAC_DESIGNED_FOR_IPHONE_IPAD = NO;
				SWIFT_EMIT_LOC_STRINGS = YES;
				SWIFT_VERSION = 5.0;
				TARGETED_DEVICE_FAMILY = 1;
			};
			name = Release;
		};
		6E92B6202AFDD52E004C4591 /* Debug */ = {
			isa = XCBuildConfiguration;
			buildSettings = {
				ALWAYS_EMBED_SWIFT_STANDARD_LIBRARIES = YES;
				BUNDLE_LOADER = "$(TEST_HOST)";
				CODE_SIGN_STYLE = Automatic;
				CURRENT_PROJECT_VERSION = 1;
				DEVELOPMENT_TEAM = 7YM75J8UJJ;
				GENERATE_INFOPLIST_FILE = YES;
				IPHONEOS_DEPLOYMENT_TARGET = 17.0;
				MARKETING_VERSION = 1.0;
				PRODUCT_BUNDLE_IDENTIFIER = com.CY.ChatAppTests;
				PRODUCT_NAME = "$(TARGET_NAME)";
				SWIFT_EMIT_LOC_STRINGS = NO;
				SWIFT_VERSION = 5.0;
				TARGETED_DEVICE_FAMILY = "1,2";
				TEST_HOST = "$(BUILT_PRODUCTS_DIR)/ChatApp.app/$(BUNDLE_EXECUTABLE_FOLDER_PATH)/ChatApp";
			};
			name = Debug;
		};
		6E92B6212AFDD52E004C4591 /* Release */ = {
			isa = XCBuildConfiguration;
			buildSettings = {
				ALWAYS_EMBED_SWIFT_STANDARD_LIBRARIES = YES;
				BUNDLE_LOADER = "$(TEST_HOST)";
				CODE_SIGN_STYLE = Automatic;
				CURRENT_PROJECT_VERSION = 1;
				DEVELOPMENT_TEAM = 7YM75J8UJJ;
				GENERATE_INFOPLIST_FILE = YES;
				IPHONEOS_DEPLOYMENT_TARGET = 17.0;
				MARKETING_VERSION = 1.0;
				PRODUCT_BUNDLE_IDENTIFIER = com.CY.ChatAppTests;
				PRODUCT_NAME = "$(TARGET_NAME)";
				SWIFT_EMIT_LOC_STRINGS = NO;
				SWIFT_VERSION = 5.0;
				TARGETED_DEVICE_FAMILY = "1,2";
				TEST_HOST = "$(BUILT_PRODUCTS_DIR)/ChatApp.app/$(BUNDLE_EXECUTABLE_FOLDER_PATH)/ChatApp";
			};
			name = Release;
		};
		6E92B6232AFDD52E004C4591 /* Debug */ = {
			isa = XCBuildConfiguration;
			buildSettings = {
				ALWAYS_EMBED_SWIFT_STANDARD_LIBRARIES = YES;
				CODE_SIGN_STYLE = Automatic;
				CURRENT_PROJECT_VERSION = 1;
				DEVELOPMENT_TEAM = 7YM75J8UJJ;
				GENERATE_INFOPLIST_FILE = YES;
				MARKETING_VERSION = 1.0;
				PRODUCT_BUNDLE_IDENTIFIER = com.CY.ChatAppUITests;
				PRODUCT_NAME = "$(TARGET_NAME)";
				SWIFT_EMIT_LOC_STRINGS = NO;
				SWIFT_VERSION = 5.0;
				TARGETED_DEVICE_FAMILY = "1,2";
				TEST_TARGET_NAME = ChatApp;
			};
			name = Debug;
		};
		6E92B6242AFDD52E004C4591 /* Release */ = {
			isa = XCBuildConfiguration;
			buildSettings = {
				ALWAYS_EMBED_SWIFT_STANDARD_LIBRARIES = YES;
				CODE_SIGN_STYLE = Automatic;
				CURRENT_PROJECT_VERSION = 1;
				DEVELOPMENT_TEAM = 7YM75J8UJJ;
				GENERATE_INFOPLIST_FILE = YES;
				MARKETING_VERSION = 1.0;
				PRODUCT_BUNDLE_IDENTIFIER = com.CY.ChatAppUITests;
				PRODUCT_NAME = "$(TARGET_NAME)";
				SWIFT_EMIT_LOC_STRINGS = NO;
				SWIFT_VERSION = 5.0;
				TARGETED_DEVICE_FAMILY = "1,2";
				TEST_TARGET_NAME = ChatApp;
			};
			name = Release;
		};
/* End XCBuildConfiguration section */

/* Begin XCConfigurationList section */
		6E92B5ED2AFDD52D004C4591 /* Build configuration list for PBXProject "ChatApp" */ = {
			isa = XCConfigurationList;
			buildConfigurations = (
				6E92B61A2AFDD52E004C4591 /* Debug */,
				6E92B61B2AFDD52E004C4591 /* Release */,
			);
			defaultConfigurationIsVisible = 0;
			defaultConfigurationName = Release;
		};
		6E92B61C2AFDD52E004C4591 /* Build configuration list for PBXNativeTarget "ChatApp" */ = {
			isa = XCConfigurationList;
			buildConfigurations = (
				6E92B61D2AFDD52E004C4591 /* Debug */,
				6E92B61E2AFDD52E004C4591 /* Release */,
			);
			defaultConfigurationIsVisible = 0;
			defaultConfigurationName = Release;
		};
		6E92B61F2AFDD52E004C4591 /* Build configuration list for PBXNativeTarget "ChatAppTests" */ = {
			isa = XCConfigurationList;
			buildConfigurations = (
				6E92B6202AFDD52E004C4591 /* Debug */,
				6E92B6212AFDD52E004C4591 /* Release */,
			);
			defaultConfigurationIsVisible = 0;
			defaultConfigurationName = Release;
		};
		6E92B6222AFDD52E004C4591 /* Build configuration list for PBXNativeTarget "ChatAppUITests" */ = {
			isa = XCConfigurationList;
			buildConfigurations = (
				6E92B6232AFDD52E004C4591 /* Debug */,
				6E92B6242AFDD52E004C4591 /* Release */,
			);
			defaultConfigurationIsVisible = 0;
			defaultConfigurationName = Release;
		};
/* End XCConfigurationList section */

/* Begin XCRemoteSwiftPackageReference section */
		6E92B6322AFDF368004C4591 /* XCRemoteSwiftPackageReference "SnapKit" */ = {
			isa = XCRemoteSwiftPackageReference;
			repositoryURL = "https://github.com/SnapKit/SnapKit.git";
			requirement = {
				kind = upToNextMajorVersion;
				minimumVersion = 5.6.0;
			};
		};
		6E92B6422AFE0DF8004C4591 /* XCRemoteSwiftPackageReference "CombineCocoa" */ = {
			isa = XCRemoteSwiftPackageReference;
			repositoryURL = "https://github.com/CombineCommunity/CombineCocoa.git";
			requirement = {
				kind = upToNextMajorVersion;
				minimumVersion = 0.4.1;
			};
		};
/* End XCRemoteSwiftPackageReference section */

/* Begin XCSwiftPackageProductDependency section */
		6E92B6332AFDF368004C4591 /* SnapKit */ = {
			isa = XCSwiftPackageProductDependency;
			package = 6E92B6322AFDF368004C4591 /* XCRemoteSwiftPackageReference "SnapKit" */;
			productName = SnapKit;
		};
		6E92B6432AFE0DF8004C4591 /* CombineCocoa */ = {
			isa = XCSwiftPackageProductDependency;
			package = 6E92B6422AFE0DF8004C4591 /* XCRemoteSwiftPackageReference "CombineCocoa" */;
			productName = CombineCocoa;
		};
/* End XCSwiftPackageProductDependency section */
	};
	rootObject = 6E92B5EA2AFDD52D004C4591 /* Project object */;
}
