// !$*UTF8*$!
{
	archiveVersion = 1;
	classes = {
	};
	objectVersion = 56;
	objects = {

/* Begin PBXBuildFile section */
		6E2869682B04AFE50083A6E6 /* FirebaseAuth in Frameworks */ = {isa = PBXBuildFile; productRef = 6E2869672B04AFE50083A6E6 /* FirebaseAuth */; };
		6E28696A2B04AFE50083A6E6 /* FirebaseDatabase in Frameworks */ = {isa = PBXBuildFile; productRef = 6E2869692B04AFE50083A6E6 /* FirebaseDatabase */; };
		6E28696C2B04AFE50083A6E6 /* FirebaseDatabaseSwift in Frameworks */ = {isa = PBXBuildFile; productRef = 6E28696B2B04AFE50083A6E6 /* FirebaseDatabaseSwift */; };
		6E28696E2B04AFE50083A6E6 /* FirebaseFirestore in Frameworks */ = {isa = PBXBuildFile; productRef = 6E28696D2B04AFE50083A6E6 /* FirebaseFirestore */; };
		6E2869702B04AFE50083A6E6 /* FirebaseFirestoreSwift in Frameworks */ = {isa = PBXBuildFile; productRef = 6E28696F2B04AFE50083A6E6 /* FirebaseFirestoreSwift */; };
		6E2869722B04AFE50083A6E6 /* FirebaseMessaging in Frameworks */ = {isa = PBXBuildFile; productRef = 6E2869712B04AFE50083A6E6 /* FirebaseMessaging */; };
		6E2869742B04AFE50083A6E6 /* FirebaseStorage in Frameworks */ = {isa = PBXBuildFile; productRef = 6E2869732B04AFE50083A6E6 /* FirebaseStorage */; };
		6E2869772B04B0290083A6E6 /* GoogleSignIn in Frameworks */ = {isa = PBXBuildFile; productRef = 6E2869762B04B0290083A6E6 /* GoogleSignIn */; };
		6E2869792B04B0290083A6E6 /* GoogleSignInSwift in Frameworks */ = {isa = PBXBuildFile; productRef = 6E2869782B04B0290083A6E6 /* GoogleSignInSwift */; };
		6E28697C2B04B0460083A6E6 /* SDWebImage in Frameworks */ = {isa = PBXBuildFile; productRef = 6E28697B2B04B0460083A6E6 /* SDWebImage */; };
		6E28697F2B04B05E0083A6E6 /* JGProgressHUD in Frameworks */ = {isa = PBXBuildFile; productRef = 6E28697E2B04B05E0083A6E6 /* JGProgressHUD */; };
		6E2869842B04BD2D0083A6E6 /* AuthService.swift in Sources */ = {isa = PBXBuildFile; fileRef = 6E2869832B04BD2D0083A6E6 /* AuthService.swift */; };
		6E2869872B05A38E0083A6E6 /* StorageService.swift in Sources */ = {isa = PBXBuildFile; fileRef = 6E2869862B05A38E0083A6E6 /* StorageService.swift */; };
		6E28698A2B05B4E60083A6E6 /* SwiftMessages in Frameworks */ = {isa = PBXBuildFile; productRef = 6E2869892B05B4E60083A6E6 /* SwiftMessages */; };
		6E28698D2B05C1850083A6E6 /* UserDefaultsManager.swift in Sources */ = {isa = PBXBuildFile; fileRef = 6E28698C2B05C1850083A6E6 /* UserDefaultsManager.swift */; };
		6E3292872B0342C800D49FBA /* Publisher+Ext.swift in Sources */ = {isa = PBXBuildFile; fileRef = 6E3292862B0342C800D49FBA /* Publisher+Ext.swift */; };
		6E32928D2B04640A00D49FBA /* TermsTextView.swift in Sources */ = {isa = PBXBuildFile; fileRef = 6E32928C2B04640A00D49FBA /* TermsTextView.swift */; };
		6E32928F2B046A6800D49FBA /* RegisterViewModel.swift in Sources */ = {isa = PBXBuildFile; fileRef = 6E32928E2B046A6800D49FBA /* RegisterViewModel.swift */; };
		6E87B13D2B05FC4000D33B0A /* CommonUtil.swift in Sources */ = {isa = PBXBuildFile; fileRef = 6E87B13C2B05FC4000D33B0A /* CommonUtil.swift */; };
		6E92B5F62AFDD52D004C4591 /* AppDelegate.swift in Sources */ = {isa = PBXBuildFile; fileRef = 6E92B5F52AFDD52D004C4591 /* AppDelegate.swift */; };
		6E92B5FA2AFDD52D004C4591 /* ViewController.swift in Sources */ = {isa = PBXBuildFile; fileRef = 6E92B5F92AFDD52D004C4591 /* ViewController.swift */; };
		6E92B5FF2AFDD52E004C4591 /* Assets.xcassets in Resources */ = {isa = PBXBuildFile; fileRef = 6E92B5FE2AFDD52E004C4591 /* Assets.xcassets */; };
		6E92B6022AFDD52E004C4591 /* LaunchScreen.storyboard in Resources */ = {isa = PBXBuildFile; fileRef = 6E92B6002AFDD52E004C4591 /* LaunchScreen.storyboard */; };
		6E92B60D2AFDD52E004C4591 /* ChatAppTests.swift in Sources */ = {isa = PBXBuildFile; fileRef = 6E92B60C2AFDD52E004C4591 /* ChatAppTests.swift */; };
		6E92B6172AFDD52E004C4591 /* ChatAppUITests.swift in Sources */ = {isa = PBXBuildFile; fileRef = 6E92B6162AFDD52E004C4591 /* ChatAppUITests.swift */; };
		6E92B6192AFDD52E004C4591 /* ChatAppUITestsLaunchTests.swift in Sources */ = {isa = PBXBuildFile; fileRef = 6E92B6182AFDD52E004C4591 /* ChatAppUITestsLaunchTests.swift */; };
		6E92B62E2AFDD5F3004C4591 /* LoginViewController.swift in Sources */ = {isa = PBXBuildFile; fileRef = 6E92B62D2AFDD5F3004C4591 /* LoginViewController.swift */; };
		6E92B6302AFDD641004C4591 /* RegisterViewController.swift in Sources */ = {isa = PBXBuildFile; fileRef = 6E92B62F2AFDD641004C4591 /* RegisterViewController.swift */; };
		6E92B6342AFDF368004C4591 /* SnapKit in Frameworks */ = {isa = PBXBuildFile; productRef = 6E92B6332AFDF368004C4591 /* SnapKit */; };
		6E92B6392AFDF7A9004C4591 /* UIColor+Ext.swift in Sources */ = {isa = PBXBuildFile; fileRef = 6E92B6382AFDF7A9004C4591 /* UIColor+Ext.swift */; };
		6E92B63B2AFDF7F5004C4591 /* ThemeFont.swift in Sources */ = {isa = PBXBuildFile; fileRef = 6E92B63A2AFDF7F5004C4591 /* ThemeFont.swift */; };
		6E92B63D2AFDF80D004C4591 /* ThemeColor.swift in Sources */ = {isa = PBXBuildFile; fileRef = 6E92B63C2AFDF80D004C4591 /* ThemeColor.swift */; };
		6E92B63E2AFDF902004C4591 /* SceneDelegate.swift in Sources */ = {isa = PBXBuildFile; fileRef = 6E92B5F72AFDD52D004C4591 /* SceneDelegate.swift */; };
		6E92B6412AFE0C64004C4591 /* UIView+Ext.swift in Sources */ = {isa = PBXBuildFile; fileRef = 6E92B6402AFE0C64004C4591 /* UIView+Ext.swift */; };
		6E92B6442AFE0DF8004C4591 /* CombineCocoa in Frameworks */ = {isa = PBXBuildFile; productRef = 6E92B6432AFE0DF8004C4591 /* CombineCocoa */; };
		6E92B6462AFE130C004C4591 /* UITextField.swift in Sources */ = {isa = PBXBuildFile; fileRef = 6E92B6452AFE130C004C4591 /* UITextField.swift */; };
		6E92B6492AFE2544004C4591 /* LoginViewModel.swift in Sources */ = {isa = PBXBuildFile; fileRef = 6E92B6482AFE2544004C4591 /* LoginViewModel.swift */; };
		6E92B64F2B01FCA9004C4591 /* Auth.swift in Sources */ = {isa = PBXBuildFile; fileRef = 6E92B64E2B01FCA9004C4591 /* Auth.swift */; };
		6EDD07502B0C983E00EB3620 /* ChatViewController.swift in Sources */ = {isa = PBXBuildFile; fileRef = 6EDD074F2B0C983E00EB3620 /* ChatViewController.swift */; };
		6EDD07532B0C991100EB3620 /* ChatViewModel.swift in Sources */ = {isa = PBXBuildFile; fileRef = 6EDD07522B0C991100EB3620 /* ChatViewModel.swift */; };
		6EDD07552B0DC37200EB3620 /* NewChatViewController.swift in Sources */ = {isa = PBXBuildFile; fileRef = 6EDD07542B0DC37200EB3620 /* NewChatViewController.swift */; };
		6EDD07582B0DCD9E00EB3620 /* CombineDataSources in Frameworks */ = {isa = PBXBuildFile; productRef = 6EDD07572B0DCD9E00EB3620 /* CombineDataSources */; };
		6EDD075B2B0DD01A00EB3620 /* ChatCell.swift in Sources */ = {isa = PBXBuildFile; fileRef = 6EDD075A2B0DD01A00EB3620 /* ChatCell.swift */; };
		6EDD075E2B0DD06400EB3620 /* Chat.swift in Sources */ = {isa = PBXBuildFile; fileRef = 6EDD075D2B0DD06400EB3620 /* Chat.swift */; };
		6EE2C2F22B06F1BC00BC3313 /* AppleService.swift in Sources */ = {isa = PBXBuildFile; fileRef = 6EE2C2F12B06F1BC00BC3313 /* AppleService.swift */; };
		6EE2C2F42B06F1CB00BC3313 /* GoogleService.swift in Sources */ = {isa = PBXBuildFile; fileRef = 6EE2C2F32B06F1CB00BC3313 /* GoogleService.swift */; };
		6EE2C2F62B071D5F00BC3313 /* GoogleService-Info.plist in Resources */ = {isa = PBXBuildFile; fileRef = 6EE2C2F52B071D5F00BC3313 /* GoogleService-Info.plist */; };
		6EE2C2F92B0C82D300BC3313 /* Key.swift in Sources */ = {isa = PBXBuildFile; fileRef = 6EE2C2F82B0C82D300BC3313 /* Key.swift */; };
		6EEB12F62B02107000C86315 /* DividerView.swift in Sources */ = {isa = PBXBuildFile; fileRef = 6EEB12F52B02107000C86315 /* DividerView.swift */; };
		6EEB12F82B02134800C86315 /* GoogleButton.swift in Sources */ = {isa = PBXBuildFile; fileRef = 6EEB12F72B02134800C86315 /* GoogleButton.swift */; };
		6EEB12FA2B02137300C86315 /* UIImage+Ext.swift in Sources */ = {isa = PBXBuildFile; fileRef = 6EEB12F92B02137300C86315 /* UIImage+Ext.swift */; };
/* End PBXBuildFile section */

/* Begin PBXContainerItemProxy section */
		6E92B6092AFDD52E004C4591 /* PBXContainerItemProxy */ = {
			isa = PBXContainerItemProxy;
			containerPortal = 6E92B5EA2AFDD52D004C4591 /* Project object */;
			proxyType = 1;
			remoteGlobalIDString = 6E92B5F12AFDD52D004C4591;
			remoteInfo = ChatApp;
		};
		6E92B6132AFDD52E004C4591 /* PBXContainerItemProxy */ = {
			isa = PBXContainerItemProxy;
			containerPortal = 6E92B5EA2AFDD52D004C4591 /* Project object */;
			proxyType = 1;
			remoteGlobalIDString = 6E92B5F12AFDD52D004C4591;
			remoteInfo = ChatApp;
		};
/* End PBXContainerItemProxy section */

/* Begin PBXFileReference section */
		6E2869822B04B7110083A6E6 /* ChatApp.entitlements */ = {isa = PBXFileReference; lastKnownFileType = text.plist.entitlements; path = ChatApp.entitlements; sourceTree = "<group>"; };
		6E2869832B04BD2D0083A6E6 /* AuthService.swift */ = {isa = PBXFileReference; lastKnownFileType = sourcecode.swift; path = AuthService.swift; sourceTree = "<group>"; };
		6E2869862B05A38E0083A6E6 /* StorageService.swift */ = {isa = PBXFileReference; lastKnownFileType = sourcecode.swift; path = StorageService.swift; sourceTree = "<group>"; };
		6E28698C2B05C1850083A6E6 /* UserDefaultsManager.swift */ = {isa = PBXFileReference; lastKnownFileType = sourcecode.swift; path = UserDefaultsManager.swift; sourceTree = "<group>"; };
		6E3292862B0342C800D49FBA /* Publisher+Ext.swift */ = {isa = PBXFileReference; lastKnownFileType = sourcecode.swift; path = "Publisher+Ext.swift"; sourceTree = "<group>"; };
		6E32928C2B04640A00D49FBA /* TermsTextView.swift */ = {isa = PBXFileReference; lastKnownFileType = sourcecode.swift; path = TermsTextView.swift; sourceTree = "<group>"; };
		6E32928E2B046A6800D49FBA /* RegisterViewModel.swift */ = {isa = PBXFileReference; lastKnownFileType = sourcecode.swift; path = RegisterViewModel.swift; sourceTree = "<group>"; };
		6E87B13C2B05FC4000D33B0A /* CommonUtil.swift */ = {isa = PBXFileReference; lastKnownFileType = sourcecode.swift; path = CommonUtil.swift; sourceTree = "<group>"; };
		6E92B5F22AFDD52D004C4591 /* ChatApp.app */ = {isa = PBXFileReference; explicitFileType = wrapper.application; includeInIndex = 0; path = ChatApp.app; sourceTree = BUILT_PRODUCTS_DIR; };
		6E92B5F52AFDD52D004C4591 /* AppDelegate.swift */ = {isa = PBXFileReference; lastKnownFileType = sourcecode.swift; path = AppDelegate.swift; sourceTree = "<group>"; };
		6E92B5F72AFDD52D004C4591 /* SceneDelegate.swift */ = {isa = PBXFileReference; lastKnownFileType = sourcecode.swift; path = SceneDelegate.swift; sourceTree = "<group>"; };
		6E92B5F92AFDD52D004C4591 /* ViewController.swift */ = {isa = PBXFileReference; lastKnownFileType = sourcecode.swift; path = ViewController.swift; sourceTree = "<group>"; };
		6E92B5FE2AFDD52E004C4591 /* Assets.xcassets */ = {isa = PBXFileReference; lastKnownFileType = folder.assetcatalog; path = Assets.xcassets; sourceTree = "<group>"; };
		6E92B6012AFDD52E004C4591 /* Base */ = {isa = PBXFileReference; lastKnownFileType = file.storyboard; name = Base; path = Base.lproj/LaunchScreen.storyboard; sourceTree = "<group>"; };
		6E92B6032AFDD52E004C4591 /* Info.plist */ = {isa = PBXFileReference; lastKnownFileType = text.plist.xml; path = Info.plist; sourceTree = "<group>"; };
		6E92B6082AFDD52E004C4591 /* ChatAppTests.xctest */ = {isa = PBXFileReference; explicitFileType = wrapper.cfbundle; includeInIndex = 0; path = ChatAppTests.xctest; sourceTree = BUILT_PRODUCTS_DIR; };
		6E92B60C2AFDD52E004C4591 /* ChatAppTests.swift */ = {isa = PBXFileReference; lastKnownFileType = sourcecode.swift; path = ChatAppTests.swift; sourceTree = "<group>"; };
		6E92B6122AFDD52E004C4591 /* ChatAppUITests.xctest */ = {isa = PBXFileReference; explicitFileType = wrapper.cfbundle; includeInIndex = 0; path = ChatAppUITests.xctest; sourceTree = BUILT_PRODUCTS_DIR; };
		6E92B6162AFDD52E004C4591 /* ChatAppUITests.swift */ = {isa = PBXFileReference; lastKnownFileType = sourcecode.swift; path = ChatAppUITests.swift; sourceTree = "<group>"; };
		6E92B6182AFDD52E004C4591 /* ChatAppUITestsLaunchTests.swift */ = {isa = PBXFileReference; lastKnownFileType = sourcecode.swift; path = ChatAppUITestsLaunchTests.swift; sourceTree = "<group>"; };
		6E92B62D2AFDD5F3004C4591 /* LoginViewController.swift */ = {isa = PBXFileReference; lastKnownFileType = sourcecode.swift; path = LoginViewController.swift; sourceTree = "<group>"; };
		6E92B62F2AFDD641004C4591 /* RegisterViewController.swift */ = {isa = PBXFileReference; lastKnownFileType = sourcecode.swift; path = RegisterViewController.swift; sourceTree = "<group>"; };
		6E92B6382AFDF7A9004C4591 /* UIColor+Ext.swift */ = {isa = PBXFileReference; lastKnownFileType = sourcecode.swift; path = "UIColor+Ext.swift"; sourceTree = "<group>"; };
		6E92B63A2AFDF7F5004C4591 /* ThemeFont.swift */ = {isa = PBXFileReference; lastKnownFileType = sourcecode.swift; path = ThemeFont.swift; sourceTree = "<group>"; };
		6E92B63C2AFDF80D004C4591 /* ThemeColor.swift */ = {isa = PBXFileReference; lastKnownFileType = sourcecode.swift; path = ThemeColor.swift; sourceTree = "<group>"; };
		6E92B6402AFE0C64004C4591 /* UIView+Ext.swift */ = {isa = PBXFileReference; lastKnownFileType = sourcecode.swift; path = "UIView+Ext.swift"; sourceTree = "<group>"; };
		6E92B6452AFE130C004C4591 /* UITextField.swift */ = {isa = PBXFileReference; lastKnownFileType = sourcecode.swift; path = UITextField.swift; sourceTree = "<group>"; };
		6E92B6482AFE2544004C4591 /* LoginViewModel.swift */ = {isa = PBXFileReference; lastKnownFileType = sourcecode.swift; path = LoginViewModel.swift; sourceTree = "<group>"; };
		6E92B64E2B01FCA9004C4591 /* Auth.swift */ = {isa = PBXFileReference; lastKnownFileType = sourcecode.swift; path = Auth.swift; sourceTree = "<group>"; };
		6EDD074F2B0C983E00EB3620 /* ChatViewController.swift */ = {isa = PBXFileReference; lastKnownFileType = sourcecode.swift; path = ChatViewController.swift; sourceTree = "<group>"; };
		6EDD07522B0C991100EB3620 /* ChatViewModel.swift */ = {isa = PBXFileReference; lastKnownFileType = sourcecode.swift; path = ChatViewModel.swift; sourceTree = "<group>"; };
		6EDD07542B0DC37200EB3620 /* NewChatViewController.swift */ = {isa = PBXFileReference; lastKnownFileType = sourcecode.swift; path = NewChatViewController.swift; sourceTree = "<group>"; };
		6EDD075A2B0DD01A00EB3620 /* ChatCell.swift */ = {isa = PBXFileReference; lastKnownFileType = sourcecode.swift; path = ChatCell.swift; sourceTree = "<group>"; };
		6EDD075D2B0DD06400EB3620 /* Chat.swift */ = {isa = PBXFileReference; lastKnownFileType = sourcecode.swift; path = Chat.swift; sourceTree = "<group>"; };
		6EE2C2F12B06F1BC00BC3313 /* AppleService.swift */ = {isa = PBXFileReference; lastKnownFileType = sourcecode.swift; path = AppleService.swift; sourceTree = "<group>"; };
		6EE2C2F32B06F1CB00BC3313 /* GoogleService.swift */ = {isa = PBXFileReference; lastKnownFileType = sourcecode.swift; path = GoogleService.swift; sourceTree = "<group>"; };
		6EE2C2F52B071D5F00BC3313 /* GoogleService-Info.plist */ = {isa = PBXFileReference; fileEncoding = 4; lastKnownFileType = text.plist.xml; path = "GoogleService-Info.plist"; sourceTree = "<group>"; };
		6EE2C2F82B0C82D300BC3313 /* Key.swift */ = {isa = PBXFileReference; lastKnownFileType = sourcecode.swift; path = Key.swift; sourceTree = "<group>"; };
		6EEB12F52B02107000C86315 /* DividerView.swift */ = {isa = PBXFileReference; lastKnownFileType = sourcecode.swift; path = DividerView.swift; sourceTree = "<group>"; };
		6EEB12F72B02134800C86315 /* GoogleButton.swift */ = {isa = PBXFileReference; lastKnownFileType = sourcecode.swift; path = GoogleButton.swift; sourceTree = "<group>"; };
		6EEB12F92B02137300C86315 /* UIImage+Ext.swift */ = {isa = PBXFileReference; lastKnownFileType = sourcecode.swift; path = "UIImage+Ext.swift"; sourceTree = "<group>"; };
/* End PBXFileReference section */

/* Begin PBXFrameworksBuildPhase section */
		6E92B5EF2AFDD52D004C4591 /* Frameworks */ = {
			isa = PBXFrameworksBuildPhase;
			buildActionMask = 2147483647;
			files = (
				6E2869722B04AFE50083A6E6 /* FirebaseMessaging in Frameworks */,
				6E28697F2B04B05E0083A6E6 /* JGProgressHUD in Frameworks */,
				6EDD07582B0DCD9E00EB3620 /* CombineDataSources in Frameworks */,
				6E28696C2B04AFE50083A6E6 /* FirebaseDatabaseSwift in Frameworks */,
				6E2869742B04AFE50083A6E6 /* FirebaseStorage in Frameworks */,
				6E92B6442AFE0DF8004C4591 /* CombineCocoa in Frameworks */,
				6E2869682B04AFE50083A6E6 /* FirebaseAuth in Frameworks */,
				6E2869772B04B0290083A6E6 /* GoogleSignIn in Frameworks */,
				6E28697C2B04B0460083A6E6 /* SDWebImage in Frameworks */,
				6E28698A2B05B4E60083A6E6 /* SwiftMessages in Frameworks */,
				6E2869702B04AFE50083A6E6 /* FirebaseFirestoreSwift in Frameworks */,
				6E28696A2B04AFE50083A6E6 /* FirebaseDatabase in Frameworks */,
				6E92B6342AFDF368004C4591 /* SnapKit in Frameworks */,
				6E28696E2B04AFE50083A6E6 /* FirebaseFirestore in Frameworks */,
				6E2869792B04B0290083A6E6 /* GoogleSignInSwift in Frameworks */,
			);
			runOnlyForDeploymentPostprocessing = 0;
		};
		6E92B6052AFDD52E004C4591 /* Frameworks */ = {
			isa = PBXFrameworksBuildPhase;
			buildActionMask = 2147483647;
			files = (
			);
			runOnlyForDeploymentPostprocessing = 0;
		};
		6E92B60F2AFDD52E004C4591 /* Frameworks */ = {
			isa = PBXFrameworksBuildPhase;
			buildActionMask = 2147483647;
			files = (
			);
			runOnlyForDeploymentPostprocessing = 0;
		};
/* End PBXFrameworksBuildPhase section */

/* Begin PBXGroup section */
		6E2869852B05A3810083A6E6 /* Storage */ = {
			isa = PBXGroup;
			children = (
				6E2869862B05A38E0083A6E6 /* StorageService.swift */,
				6E28698C2B05C1850083A6E6 /* UserDefaultsManager.swift */,
			);
			path = Storage;
			sourceTree = "<group>";
		};
		6E32928A2B03568D00D49FBA /* Auth */ = {
			isa = PBXGroup;
			children = (
				6E92B62D2AFDD5F3004C4591 /* LoginViewController.swift */,
				6E92B62F2AFDD641004C4591 /* RegisterViewController.swift */,
			);
			path = Auth;
			sourceTree = "<group>";
		};
		6E32928B2B0463F700D49FBA /* Auth */ = {
			isa = PBXGroup;
			children = (
				6EEB12F52B02107000C86315 /* DividerView.swift */,
				6EEB12F72B02134800C86315 /* GoogleButton.swift */,
				6E32928C2B04640A00D49FBA /* TermsTextView.swift */,
			);
			path = Auth;
			sourceTree = "<group>";
		};
		6E87B13B2B05FC3700D33B0A /* Util */ = {
			isa = PBXGroup;
			children = (
				6E87B13C2B05FC4000D33B0A /* CommonUtil.swift */,
			);
			path = Util;
			sourceTree = "<group>";
		};
		6E92B5E92AFDD52D004C4591 = {
			isa = PBXGroup;
			children = (
				6E92B5F42AFDD52D004C4591 /* ChatApp */,
				6E92B60B2AFDD52E004C4591 /* ChatAppTests */,
				6E92B6152AFDD52E004C4591 /* ChatAppUITests */,
				6E92B5F32AFDD52D004C4591 /* Products */,
			);
			sourceTree = "<group>";
		};
		6E92B5F32AFDD52D004C4591 /* Products */ = {
			isa = PBXGroup;
			children = (
				6E92B5F22AFDD52D004C4591 /* ChatApp.app */,
				6E92B6082AFDD52E004C4591 /* ChatAppTests.xctest */,
				6E92B6122AFDD52E004C4591 /* ChatAppUITests.xctest */,
			);
			name = Products;
			sourceTree = "<group>";
		};
		6E92B5F42AFDD52D004C4591 /* ChatApp */ = {
			isa = PBXGroup;
			children = (
				6E2869822B04B7110083A6E6 /* ChatApp.entitlements */,
				6EE2C2F52B071D5F00BC3313 /* GoogleService-Info.plist */,
				6E92B6272AFDD553004C4591 /* Shared Files */,
				6E92B6262AFDD54F004C4591 /* Module */,
				6E92B6252AFDD54A004C4591 /* Support */,
			);
			path = ChatApp;
			sourceTree = "<group>";
		};
		6E92B60B2AFDD52E004C4591 /* ChatAppTests */ = {
			isa = PBXGroup;
			children = (
				6E92B60C2AFDD52E004C4591 /* ChatAppTests.swift */,
			);
			path = ChatAppTests;
			sourceTree = "<group>";
		};
		6E92B6152AFDD52E004C4591 /* ChatAppUITests */ = {
			isa = PBXGroup;
			children = (
				6E92B6162AFDD52E004C4591 /* ChatAppUITests.swift */,
				6E92B6182AFDD52E004C4591 /* ChatAppUITestsLaunchTests.swift */,
			);
			path = ChatAppUITests;
			sourceTree = "<group>";
		};
		6E92B6252AFDD54A004C4591 /* Support */ = {
			isa = PBXGroup;
			children = (
				6E92B6032AFDD52E004C4591 /* Info.plist */,
				6E92B5F52AFDD52D004C4591 /* AppDelegate.swift */,
				6E92B5F72AFDD52D004C4591 /* SceneDelegate.swift */,
				6E92B5F92AFDD52D004C4591 /* ViewController.swift */,
				6E92B5FE2AFDD52E004C4591 /* Assets.xcassets */,
				6E92B6002AFDD52E004C4591 /* LaunchScreen.storyboard */,
			);
			path = Support;
			sourceTree = "<group>";
		};
		6E92B6262AFDD54F004C4591 /* Module */ = {
			isa = PBXGroup;
			children = (
				6E2869852B05A3810083A6E6 /* Storage */,
				6E92B62C2AFDD58A004C4591 /* API */,
				6E92B62B2AFDD584004C4591 /* Model */,
				6E92B62A2AFDD57D004C4591 /* View */,
				6E92B6292AFDD579004C4591 /* ViewModel */,
				6E92B6282AFDD575004C4591 /* Controller */,
			);
			path = Module;
			sourceTree = "<group>";
		};
		6E92B6272AFDD553004C4591 /* Shared Files */ = {
			isa = PBXGroup;
			children = (
				6EE2C2F72B0C82C200BC3313 /* Constant */,
				6E87B13B2B05FC3700D33B0A /* Util */,
				6E92B6312AFDF33D004C4591 /* Extension */,
				6E92B63A2AFDF7F5004C4591 /* ThemeFont.swift */,
				6E92B63C2AFDF80D004C4591 /* ThemeColor.swift */,
			);
			path = "Shared Files";
			sourceTree = "<group>";
		};
		6E92B6282AFDD575004C4591 /* Controller */ = {
			isa = PBXGroup;
			children = (
				6EDD074E2B0C982C00EB3620 /* Chat */,
				6E32928A2B03568D00D49FBA /* Auth */,
			);
			path = Controller;
			sourceTree = "<group>";
		};
		6E92B6292AFDD579004C4591 /* ViewModel */ = {
			isa = PBXGroup;
			children = (
				6EDD07512B0C990900EB3620 /* Chat */,
				6E92B6472AFE253C004C4591 /* Auth */,
			);
			path = ViewModel;
			sourceTree = "<group>";
		};
		6E92B62A2AFDD57D004C4591 /* View */ = {
			isa = PBXGroup;
			children = (
				6EDD07592B0DD01100EB3620 /* Chat */,
				6E32928B2B0463F700D49FBA /* Auth */,
			);
			path = View;
			sourceTree = "<group>";
		};
		6E92B62B2AFDD584004C4591 /* Model */ = {
			isa = PBXGroup;
			children = (
				6EDD075C2B0DD05E00EB3620 /* Chat */,
				6E92B64D2B01FCA2004C4591 /* Auth */,
			);
			path = Model;
			sourceTree = "<group>";
		};
		6E92B62C2AFDD58A004C4591 /* API */ = {
			isa = PBXGroup;
			children = (
				6E2869832B04BD2D0083A6E6 /* AuthService.swift */,
				6EE2C2F12B06F1BC00BC3313 /* AppleService.swift */,
				6EE2C2F32B06F1CB00BC3313 /* GoogleService.swift */,
			);
			path = API;
			sourceTree = "<group>";
		};
		6E92B6312AFDF33D004C4591 /* Extension */ = {
			isa = PBXGroup;
			children = (
				6E92B6382AFDF7A9004C4591 /* UIColor+Ext.swift */,
				6E92B6402AFE0C64004C4591 /* UIView+Ext.swift */,
				6E92B6452AFE130C004C4591 /* UITextField.swift */,
				6EEB12F92B02137300C86315 /* UIImage+Ext.swift */,
				6E3292862B0342C800D49FBA /* Publisher+Ext.swift */,
			);
			path = Extension;
			sourceTree = "<group>";
		};
		6E92B6472AFE253C004C4591 /* Auth */ = {
			isa = PBXGroup;
			children = (
				6E92B6482AFE2544004C4591 /* LoginViewModel.swift */,
				6E32928E2B046A6800D49FBA /* RegisterViewModel.swift */,
			);
			path = Auth;
			sourceTree = "<group>";
		};
		6E92B64D2B01FCA2004C4591 /* Auth */ = {
			isa = PBXGroup;
			children = (
				6E92B64E2B01FCA9004C4591 /* Auth.swift */,
			);
			path = Auth;
			sourceTree = "<group>";
		};
		6EDD074E2B0C982C00EB3620 /* Chat */ = {
			isa = PBXGroup;
			children = (
				6EDD074F2B0C983E00EB3620 /* ChatViewController.swift */,
				6EDD07542B0DC37200EB3620 /* NewChatViewController.swift */,
			);
			name = Chat;
			path = "촘ㅅ";
			sourceTree = "<group>";
		};
		6EDD07512B0C990900EB3620 /* Chat */ = {
			isa = PBXGroup;
			children = (
				6EDD07522B0C991100EB3620 /* ChatViewModel.swift */,
			);
			path = Chat;
			sourceTree = "<group>";
		};
		6EDD07592B0DD01100EB3620 /* Chat */ = {
			isa = PBXGroup;
			children = (
				6EDD075A2B0DD01A00EB3620 /* ChatCell.swift */,
			);
			path = Chat;
			sourceTree = "<group>";
		};
		6EDD075C2B0DD05E00EB3620 /* Chat */ = {
			isa = PBXGroup;
			children = (
				6EDD075D2B0DD06400EB3620 /* Chat.swift */,
			);
			path = Chat;
			sourceTree = "<group>";
		};
		6EE2C2F72B0C82C200BC3313 /* Constant */ = {
			isa = PBXGroup;
			children = (
				6EE2C2F82B0C82D300BC3313 /* Key.swift */,
			);
			path = Constant;
			sourceTree = "<group>";
		};
/* End PBXGroup section */

/* Begin PBXNativeTarget section */
		6E92B5F12AFDD52D004C4591 /* ChatApp */ = {
			isa = PBXNativeTarget;
			buildConfigurationList = 6E92B61C2AFDD52E004C4591 /* Build configuration list for PBXNativeTarget "ChatApp" */;
			buildPhases = (
				6E92B5EE2AFDD52D004C4591 /* Sources */,
				6E92B5EF2AFDD52D004C4591 /* Frameworks */,
				6E92B5F02AFDD52D004C4591 /* Resources */,
			);
			buildRules = (
			);
			dependencies = (
			);
			name = ChatApp;
			packageProductDependencies = (
				6E92B6332AFDF368004C4591 /* SnapKit */,
				6E92B6432AFE0DF8004C4591 /* CombineCocoa */,
				6E2869672B04AFE50083A6E6 /* FirebaseAuth */,
				6E2869692B04AFE50083A6E6 /* FirebaseDatabase */,
				6E28696B2B04AFE50083A6E6 /* FirebaseDatabaseSwift */,
				6E28696D2B04AFE50083A6E6 /* FirebaseFirestore */,
				6E28696F2B04AFE50083A6E6 /* FirebaseFirestoreSwift */,
				6E2869712B04AFE50083A6E6 /* FirebaseMessaging */,
				6E2869732B04AFE50083A6E6 /* FirebaseStorage */,
				6E2869762B04B0290083A6E6 /* GoogleSignIn */,
				6E2869782B04B0290083A6E6 /* GoogleSignInSwift */,
				6E28697B2B04B0460083A6E6 /* SDWebImage */,
				6E28697E2B04B05E0083A6E6 /* JGProgressHUD */,
				6E2869892B05B4E60083A6E6 /* SwiftMessages */,
				6EDD07572B0DCD9E00EB3620 /* CombineDataSources */,
			);
			productName = ChatApp;
			productReference = 6E92B5F22AFDD52D004C4591 /* ChatApp.app */;
			productType = "com.apple.product-type.application";
		};
		6E92B6072AFDD52E004C4591 /* ChatAppTests */ = {
			isa = PBXNativeTarget;
			buildConfigurationList = 6E92B61F2AFDD52E004C4591 /* Build configuration list for PBXNativeTarget "ChatAppTests" */;
			buildPhases = (
				6E92B6042AFDD52E004C4591 /* Sources */,
				6E92B6052AFDD52E004C4591 /* Frameworks */,
				6E92B6062AFDD52E004C4591 /* Resources */,
			);
			buildRules = (
			);
			dependencies = (
				6E92B60A2AFDD52E004C4591 /* PBXTargetDependency */,
			);
			name = ChatAppTests;
			productName = ChatAppTests;
			productReference = 6E92B6082AFDD52E004C4591 /* ChatAppTests.xctest */;
			productType = "com.apple.product-type.bundle.unit-test";
		};
		6E92B6112AFDD52E004C4591 /* ChatAppUITests */ = {
			isa = PBXNativeTarget;
			buildConfigurationList = 6E92B6222AFDD52E004C4591 /* Build configuration list for PBXNativeTarget "ChatAppUITests" */;
			buildPhases = (
				6E92B60E2AFDD52E004C4591 /* Sources */,
				6E92B60F2AFDD52E004C4591 /* Frameworks */,
				6E92B6102AFDD52E004C4591 /* Resources */,
			);
			buildRules = (
			);
			dependencies = (
				6E92B6142AFDD52E004C4591 /* PBXTargetDependency */,
			);
			name = ChatAppUITests;
			productName = ChatAppUITests;
			productReference = 6E92B6122AFDD52E004C4591 /* ChatAppUITests.xctest */;
			productType = "com.apple.product-type.bundle.ui-testing";
		};
/* End PBXNativeTarget section */

/* Begin PBXProject section */
		6E92B5EA2AFDD52D004C4591 /* Project object */ = {
			isa = PBXProject;
			attributes = {
				BuildIndependentTargetsInParallel = 1;
				LastSwiftUpdateCheck = 1500;
				LastUpgradeCheck = 1500;
				TargetAttributes = {
					6E92B5F12AFDD52D004C4591 = {
						CreatedOnToolsVersion = 15.0.1;
					};
					6E92B6072AFDD52E004C4591 = {
						CreatedOnToolsVersion = 15.0.1;
						TestTargetID = 6E92B5F12AFDD52D004C4591;
					};
					6E92B6112AFDD52E004C4591 = {
						CreatedOnToolsVersion = 15.0.1;
						TestTargetID = 6E92B5F12AFDD52D004C4591;
					};
				};
			};
			buildConfigurationList = 6E92B5ED2AFDD52D004C4591 /* Build configuration list for PBXProject "ChatApp" */;
			compatibilityVersion = "Xcode 14.0";
			developmentRegion = en;
			hasScannedForEncodings = 0;
			knownRegions = (
				en,
				Base,
			);
			mainGroup = 6E92B5E92AFDD52D004C4591;
			packageReferences = (
				6E92B6322AFDF368004C4591 /* XCRemoteSwiftPackageReference "SnapKit" */,
				6E92B6422AFE0DF8004C4591 /* XCRemoteSwiftPackageReference "CombineCocoa" */,
				6E2869662B04AFE50083A6E6 /* XCRemoteSwiftPackageReference "firebase-ios-sdk" */,
				6E2869752B04B0290083A6E6 /* XCRemoteSwiftPackageReference "GoogleSignIn-iOS" */,
				6E28697A2B04B0460083A6E6 /* XCRemoteSwiftPackageReference "SDWebImage" */,
				6E28697D2B04B05E0083A6E6 /* XCRemoteSwiftPackageReference "JGProgressHUD" */,
				6E2869882B05B4E60083A6E6 /* XCRemoteSwiftPackageReference "SwiftMessages" */,
				6EDD07562B0DCD9E00EB3620 /* XCRemoteSwiftPackageReference "CombineDataSources" */,
			);
			productRefGroup = 6E92B5F32AFDD52D004C4591 /* Products */;
			projectDirPath = "";
			projectRoot = "";
			targets = (
				6E92B5F12AFDD52D004C4591 /* ChatApp */,
				6E92B6072AFDD52E004C4591 /* ChatAppTests */,
				6E92B6112AFDD52E004C4591 /* ChatAppUITests */,
			);
		};
/* End PBXProject section */

/* Begin PBXResourcesBuildPhase section */
		6E92B5F02AFDD52D004C4591 /* Resources */ = {
			isa = PBXResourcesBuildPhase;
			buildActionMask = 2147483647;
			files = (
				6E92B6022AFDD52E004C4591 /* LaunchScreen.storyboard in Resources */,
				6E92B5FF2AFDD52E004C4591 /* Assets.xcassets in Resources */,
				6EE2C2F62B071D5F00BC3313 /* GoogleService-Info.plist in Resources */,
			);
			runOnlyForDeploymentPostprocessing = 0;
		};
		6E92B6062AFDD52E004C4591 /* Resources */ = {
			isa = PBXResourcesBuildPhase;
			buildActionMask = 2147483647;
			files = (
			);
			runOnlyForDeploymentPostprocessing = 0;
		};
		6E92B6102AFDD52E004C4591 /* Resources */ = {
			isa = PBXResourcesBuildPhase;
			buildActionMask = 2147483647;
			files = (
			);
			runOnlyForDeploymentPostprocessing = 0;
		};
/* End PBXResourcesBuildPhase section */

/* Begin PBXSourcesBuildPhase section */
		6E92B5EE2AFDD52D004C4591 /* Sources */ = {
			isa = PBXSourcesBuildPhase;
			buildActionMask = 2147483647;
			files = (
				6E92B6392AFDF7A9004C4591 /* UIColor+Ext.swift in Sources */,
				6E92B6462AFE130C004C4591 /* UITextField.swift in Sources */,
				6EEB12F62B02107000C86315 /* DividerView.swift in Sources */,
				6E3292872B0342C800D49FBA /* Publisher+Ext.swift in Sources */,
				6E92B64F2B01FCA9004C4591 /* Auth.swift in Sources */,
				6EEB12F82B02134800C86315 /* GoogleButton.swift in Sources */,
				6E92B6492AFE2544004C4591 /* LoginViewModel.swift in Sources */,
				6EDD07552B0DC37200EB3620 /* NewChatViewController.swift in Sources */,
				6EDD07532B0C991100EB3620 /* ChatViewModel.swift in Sources */,
				6E2869842B04BD2D0083A6E6 /* AuthService.swift in Sources */,
				6EE2C2F92B0C82D300BC3313 /* Key.swift in Sources */,
				6E32928D2B04640A00D49FBA /* TermsTextView.swift in Sources */,
				6E32928F2B046A6800D49FBA /* RegisterViewModel.swift in Sources */,
				6EDD075E2B0DD06400EB3620 /* Chat.swift in Sources */,
				6E92B63D2AFDF80D004C4591 /* ThemeColor.swift in Sources */,
				6EDD075B2B0DD01A00EB3620 /* ChatCell.swift in Sources */,
				6E92B62E2AFDD5F3004C4591 /* LoginViewController.swift in Sources */,
				6E28698D2B05C1850083A6E6 /* UserDefaultsManager.swift in Sources */,
				6E92B6302AFDD641004C4591 /* RegisterViewController.swift in Sources */,
				6E2869872B05A38E0083A6E6 /* StorageService.swift in Sources */,
				6EEB12FA2B02137300C86315 /* UIImage+Ext.swift in Sources */,
				6E87B13D2B05FC4000D33B0A /* CommonUtil.swift in Sources */,
				6E92B63B2AFDF7F5004C4591 /* ThemeFont.swift in Sources */,
				6E92B6412AFE0C64004C4591 /* UIView+Ext.swift in Sources */,
				6E92B5FA2AFDD52D004C4591 /* ViewController.swift in Sources */,
				6EE2C2F42B06F1CB00BC3313 /* GoogleService.swift in Sources */,
				6EDD07502B0C983E00EB3620 /* ChatViewController.swift in Sources */,
				6E92B5F62AFDD52D004C4591 /* AppDelegate.swift in Sources */,
				6E92B63E2AFDF902004C4591 /* SceneDelegate.swift in Sources */,
				6EE2C2F22B06F1BC00BC3313 /* AppleService.swift in Sources */,
			);
			runOnlyForDeploymentPostprocessing = 0;
		};
		6E92B6042AFDD52E004C4591 /* Sources */ = {
			isa = PBXSourcesBuildPhase;
			buildActionMask = 2147483647;
			files = (
				6E92B60D2AFDD52E004C4591 /* ChatAppTests.swift in Sources */,
			);
			runOnlyForDeploymentPostprocessing = 0;
		};
		6E92B60E2AFDD52E004C4591 /* Sources */ = {
			isa = PBXSourcesBuildPhase;
			buildActionMask = 2147483647;
			files = (
				6E92B6192AFDD52E004C4591 /* ChatAppUITestsLaunchTests.swift in Sources */,
				6E92B6172AFDD52E004C4591 /* ChatAppUITests.swift in Sources */,
			);
			runOnlyForDeploymentPostprocessing = 0;
		};
/* End PBXSourcesBuildPhase section */

/* Begin PBXTargetDependency section */
		6E92B60A2AFDD52E004C4591 /* PBXTargetDependency */ = {
			isa = PBXTargetDependency;
			target = 6E92B5F12AFDD52D004C4591 /* ChatApp */;
			targetProxy = 6E92B6092AFDD52E004C4591 /* PBXContainerItemProxy */;
		};
		6E92B6142AFDD52E004C4591 /* PBXTargetDependency */ = {
			isa = PBXTargetDependency;
			target = 6E92B5F12AFDD52D004C4591 /* ChatApp */;
			targetProxy = 6E92B6132AFDD52E004C4591 /* PBXContainerItemProxy */;
		};
/* End PBXTargetDependency section */

/* Begin PBXVariantGroup section */
		6E92B6002AFDD52E004C4591 /* LaunchScreen.storyboard */ = {
			isa = PBXVariantGroup;
			children = (
				6E92B6012AFDD52E004C4591 /* Base */,
			);
			name = LaunchScreen.storyboard;
			sourceTree = "<group>";
		};
/* End PBXVariantGroup section */

/* Begin XCBuildConfiguration section */
		6E92B61A2AFDD52E004C4591 /* Debug */ = {
			isa = XCBuildConfiguration;
			buildSettings = {
				ALWAYS_SEARCH_USER_PATHS = NO;
				ASSETCATALOG_COMPILER_GENERATE_SWIFT_ASSET_SYMBOL_EXTENSIONS = YES;
				CLANG_ANALYZER_NONNULL = YES;
				CLANG_ANALYZER_NUMBER_OBJECT_CONVERSION = YES_AGGRESSIVE;
				CLANG_CXX_LANGUAGE_STANDARD = "gnu++20";
				CLANG_ENABLE_MODULES = YES;
				CLANG_ENABLE_OBJC_ARC = YES;
				CLANG_ENABLE_OBJC_WEAK = YES;
				CLANG_WARN_BLOCK_CAPTURE_AUTORELEASING = YES;
				CLANG_WARN_BOOL_CONVERSION = YES;
				CLANG_WARN_COMMA = YES;
				CLANG_WARN_CONSTANT_CONVERSION = YES;
				CLANG_WARN_DEPRECATED_OBJC_IMPLEMENTATIONS = YES;
				CLANG_WARN_DIRECT_OBJC_ISA_USAGE = YES_ERROR;
				CLANG_WARN_DOCUMENTATION_COMMENTS = YES;
				CLANG_WARN_EMPTY_BODY = YES;
				CLANG_WARN_ENUM_CONVERSION = YES;
				CLANG_WARN_INFINITE_RECURSION = YES;
				CLANG_WARN_INT_CONVERSION = YES;
				CLANG_WARN_NON_LITERAL_NULL_CONVERSION = YES;
				CLANG_WARN_OBJC_IMPLICIT_RETAIN_SELF = YES;
				CLANG_WARN_OBJC_LITERAL_CONVERSION = YES;
				CLANG_WARN_OBJC_ROOT_CLASS = YES_ERROR;
				CLANG_WARN_QUOTED_INCLUDE_IN_FRAMEWORK_HEADER = YES;
				CLANG_WARN_RANGE_LOOP_ANALYSIS = YES;
				CLANG_WARN_STRICT_PROTOTYPES = YES;
				CLANG_WARN_SUSPICIOUS_MOVE = YES;
				CLANG_WARN_UNGUARDED_AVAILABILITY = YES_AGGRESSIVE;
				CLANG_WARN_UNREACHABLE_CODE = YES;
				CLANG_WARN__DUPLICATE_METHOD_MATCH = YES;
				COPY_PHASE_STRIP = NO;
				DEBUG_INFORMATION_FORMAT = dwarf;
				ENABLE_STRICT_OBJC_MSGSEND = YES;
				ENABLE_TESTABILITY = YES;
				ENABLE_USER_SCRIPT_SANDBOXING = YES;
				GCC_C_LANGUAGE_STANDARD = gnu17;
				GCC_DYNAMIC_NO_PIC = NO;
				GCC_NO_COMMON_BLOCKS = YES;
				GCC_OPTIMIZATION_LEVEL = 0;
				GCC_PREPROCESSOR_DEFINITIONS = (
					"DEBUG=1",
					"$(inherited)",
				);
				GCC_WARN_64_TO_32_BIT_CONVERSION = YES;
				GCC_WARN_ABOUT_RETURN_TYPE = YES_ERROR;
				GCC_WARN_UNDECLARED_SELECTOR = YES;
				GCC_WARN_UNINITIALIZED_AUTOS = YES_AGGRESSIVE;
				GCC_WARN_UNUSED_FUNCTION = YES;
				GCC_WARN_UNUSED_VARIABLE = YES;
				IPHONEOS_DEPLOYMENT_TARGET = 17.0;
				LOCALIZATION_PREFERS_STRING_CATALOGS = YES;
				MTL_ENABLE_DEBUG_INFO = INCLUDE_SOURCE;
				MTL_FAST_MATH = YES;
				ONLY_ACTIVE_ARCH = YES;
				SDKROOT = iphoneos;
				SWIFT_ACTIVE_COMPILATION_CONDITIONS = "DEBUG $(inherited)";
				SWIFT_OPTIMIZATION_LEVEL = "-Onone";
			};
			name = Debug;
		};
		6E92B61B2AFDD52E004C4591 /* Release */ = {
			isa = XCBuildConfiguration;
			buildSettings = {
				ALWAYS_SEARCH_USER_PATHS = NO;
				ASSETCATALOG_COMPILER_GENERATE_SWIFT_ASSET_SYMBOL_EXTENSIONS = YES;
				CLANG_ANALYZER_NONNULL = YES;
				CLANG_ANALYZER_NUMBER_OBJECT_CONVERSION = YES_AGGRESSIVE;
				CLANG_CXX_LANGUAGE_STANDARD = "gnu++20";
				CLANG_ENABLE_MODULES = YES;
				CLANG_ENABLE_OBJC_ARC = YES;
				CLANG_ENABLE_OBJC_WEAK = YES;
				CLANG_WARN_BLOCK_CAPTURE_AUTORELEASING = YES;
				CLANG_WARN_BOOL_CONVERSION = YES;
				CLANG_WARN_COMMA = YES;
				CLANG_WARN_CONSTANT_CONVERSION = YES;
				CLANG_WARN_DEPRECATED_OBJC_IMPLEMENTATIONS = YES;
				CLANG_WARN_DIRECT_OBJC_ISA_USAGE = YES_ERROR;
				CLANG_WARN_DOCUMENTATION_COMMENTS = YES;
				CLANG_WARN_EMPTY_BODY = YES;
				CLANG_WARN_ENUM_CONVERSION = YES;
				CLANG_WARN_INFINITE_RECURSION = YES;
				CLANG_WARN_INT_CONVERSION = YES;
				CLANG_WARN_NON_LITERAL_NULL_CONVERSION = YES;
				CLANG_WARN_OBJC_IMPLICIT_RETAIN_SELF = YES;
				CLANG_WARN_OBJC_LITERAL_CONVERSION = YES;
				CLANG_WARN_OBJC_ROOT_CLASS = YES_ERROR;
				CLANG_WARN_QUOTED_INCLUDE_IN_FRAMEWORK_HEADER = YES;
				CLANG_WARN_RANGE_LOOP_ANALYSIS = YES;
				CLANG_WARN_STRICT_PROTOTYPES = YES;
				CLANG_WARN_SUSPICIOUS_MOVE = YES;
				CLANG_WARN_UNGUARDED_AVAILABILITY = YES_AGGRESSIVE;
				CLANG_WARN_UNREACHABLE_CODE = YES;
				CLANG_WARN__DUPLICATE_METHOD_MATCH = YES;
				COPY_PHASE_STRIP = NO;
				DEBUG_INFORMATION_FORMAT = "dwarf-with-dsym";
				ENABLE_NS_ASSERTIONS = NO;
				ENABLE_STRICT_OBJC_MSGSEND = YES;
				ENABLE_USER_SCRIPT_SANDBOXING = YES;
				GCC_C_LANGUAGE_STANDARD = gnu17;
				GCC_NO_COMMON_BLOCKS = YES;
				GCC_WARN_64_TO_32_BIT_CONVERSION = YES;
				GCC_WARN_ABOUT_RETURN_TYPE = YES_ERROR;
				GCC_WARN_UNDECLARED_SELECTOR = YES;
				GCC_WARN_UNINITIALIZED_AUTOS = YES_AGGRESSIVE;
				GCC_WARN_UNUSED_FUNCTION = YES;
				GCC_WARN_UNUSED_VARIABLE = YES;
				IPHONEOS_DEPLOYMENT_TARGET = 17.0;
				LOCALIZATION_PREFERS_STRING_CATALOGS = YES;
				MTL_ENABLE_DEBUG_INFO = NO;
				MTL_FAST_MATH = YES;
				SDKROOT = iphoneos;
				SWIFT_COMPILATION_MODE = wholemodule;
				VALIDATE_PRODUCT = YES;
			};
			name = Release;
		};
		6E92B61D2AFDD52E004C4591 /* Debug */ = {
			isa = XCBuildConfiguration;
			buildSettings = {
				ASSETCATALOG_COMPILER_APPICON_NAME = AppIcon;
				ASSETCATALOG_COMPILER_GLOBAL_ACCENT_COLOR_NAME = AccentColor;
				CODE_SIGN_ENTITLEMENTS = ChatApp/ChatApp.entitlements;
				CODE_SIGN_STYLE = Automatic;
				CURRENT_PROJECT_VERSION = 1;
				DEVELOPMENT_TEAM = 7YM75J8UJJ;
				GENERATE_INFOPLIST_FILE = YES;
				INFOPLIST_FILE = ChatApp/Support/Info.plist;
				INFOPLIST_KEY_NSPhotoLibraryUsageDescription = "프로필 사진을 설정하기 위해서 사진 라이브러리 접근 허용이 필요합니다.";
				INFOPLIST_KEY_UIApplicationSupportsIndirectInputEvents = YES;
				INFOPLIST_KEY_UILaunchStoryboardName = LaunchScreen;
				INFOPLIST_KEY_UIStatusBarStyle = UIStatusBarStyleLightContent;
				INFOPLIST_KEY_UISupportedInterfaceOrientations = UIInterfaceOrientationPortrait;
				INFOPLIST_KEY_UISupportedInterfaceOrientations_iPad = "UIInterfaceOrientationLandscapeLeft UIInterfaceOrientationLandscapeRight UIInterfaceOrientationPortrait UIInterfaceOrientationPortraitUpsideDown";
				IPHONEOS_DEPLOYMENT_TARGET = 15.0;
				LD_RUNPATH_SEARCH_PATHS = (
					"$(inherited)",
					"@executable_path/Frameworks",
				);
				MARKETING_VERSION = 1.0;
				PRODUCT_BUNDLE_IDENTIFIER = com.CY.ChatApp;
				PRODUCT_NAME = "$(TARGET_NAME)";
				SUPPORTED_PLATFORMS = "iphoneos iphonesimulator";
				SUPPORTS_MACCATALYST = NO;
				SUPPORTS_MAC_DESIGNED_FOR_IPHONE_IPAD = NO;
				SWIFT_EMIT_LOC_STRINGS = YES;
				SWIFT_VERSION = 5.0;
				TARGETED_DEVICE_FAMILY = 1;
			};
			name = Debug;
		};
		6E92B61E2AFDD52E004C4591 /* Release */ = {
			isa = XCBuildConfiguration;
			buildSettings = {
				ASSETCATALOG_COMPILER_APPICON_NAME = AppIcon;
				ASSETCATALOG_COMPILER_GLOBAL_ACCENT_COLOR_NAME = AccentColor;
				CODE_SIGN_ENTITLEMENTS = ChatApp/ChatApp.entitlements;
				CODE_SIGN_STYLE = Automatic;
				CURRENT_PROJECT_VERSION = 1;
				DEVELOPMENT_TEAM = 7YM75J8UJJ;
				GENERATE_INFOPLIST_FILE = YES;
				INFOPLIST_FILE = ChatApp/Support/Info.plist;
				INFOPLIST_KEY_NSPhotoLibraryUsageDescription = "프로필 사진을 설정하기 위해서 사진 라이브러리 접근 허용이 필요합니다.";
				INFOPLIST_KEY_UIApplicationSupportsIndirectInputEvents = YES;
				INFOPLIST_KEY_UILaunchStoryboardName = LaunchScreen;
				INFOPLIST_KEY_UIStatusBarStyle = UIStatusBarStyleLightContent;
				INFOPLIST_KEY_UISupportedInterfaceOrientations = UIInterfaceOrientationPortrait;
				INFOPLIST_KEY_UISupportedInterfaceOrientations_iPad = "UIInterfaceOrientationLandscapeLeft UIInterfaceOrientationLandscapeRight UIInterfaceOrientationPortrait UIInterfaceOrientationPortraitUpsideDown";
				IPHONEOS_DEPLOYMENT_TARGET = 15.0;
				LD_RUNPATH_SEARCH_PATHS = (
					"$(inherited)",
					"@executable_path/Frameworks",
				);
				MARKETING_VERSION = 1.0;
				PRODUCT_BUNDLE_IDENTIFIER = com.CY.ChatApp;
				PRODUCT_NAME = "$(TARGET_NAME)";
				SUPPORTED_PLATFORMS = "iphoneos iphonesimulator";
				SUPPORTS_MACCATALYST = NO;
				SUPPORTS_MAC_DESIGNED_FOR_IPHONE_IPAD = NO;
				SWIFT_EMIT_LOC_STRINGS = YES;
				SWIFT_VERSION = 5.0;
				TARGETED_DEVICE_FAMILY = 1;
			};
			name = Release;
		};
		6E92B6202AFDD52E004C4591 /* Debug */ = {
			isa = XCBuildConfiguration;
			buildSettings = {
				ALWAYS_EMBED_SWIFT_STANDARD_LIBRARIES = YES;
				BUNDLE_LOADER = "$(TEST_HOST)";
				CODE_SIGN_STYLE = Automatic;
				CURRENT_PROJECT_VERSION = 1;
				DEVELOPMENT_TEAM = 7YM75J8UJJ;
				GENERATE_INFOPLIST_FILE = YES;
				IPHONEOS_DEPLOYMENT_TARGET = 17.0;
				MARKETING_VERSION = 1.0;
				PRODUCT_BUNDLE_IDENTIFIER = com.CY.ChatAppTests;
				PRODUCT_NAME = "$(TARGET_NAME)";
				SWIFT_EMIT_LOC_STRINGS = NO;
				SWIFT_VERSION = 5.0;
				TARGETED_DEVICE_FAMILY = "1,2";
				TEST_HOST = "$(BUILT_PRODUCTS_DIR)/ChatApp.app/$(BUNDLE_EXECUTABLE_FOLDER_PATH)/ChatApp";
			};
			name = Debug;
		};
		6E92B6212AFDD52E004C4591 /* Release */ = {
			isa = XCBuildConfiguration;
			buildSettings = {
				ALWAYS_EMBED_SWIFT_STANDARD_LIBRARIES = YES;
				BUNDLE_LOADER = "$(TEST_HOST)";
				CODE_SIGN_STYLE = Automatic;
				CURRENT_PROJECT_VERSION = 1;
				DEVELOPMENT_TEAM = 7YM75J8UJJ;
				GENERATE_INFOPLIST_FILE = YES;
				IPHONEOS_DEPLOYMENT_TARGET = 17.0;
				MARKETING_VERSION = 1.0;
				PRODUCT_BUNDLE_IDENTIFIER = com.CY.ChatAppTests;
				PRODUCT_NAME = "$(TARGET_NAME)";
				SWIFT_EMIT_LOC_STRINGS = NO;
				SWIFT_VERSION = 5.0;
				TARGETED_DEVICE_FAMILY = "1,2";
				TEST_HOST = "$(BUILT_PRODUCTS_DIR)/ChatApp.app/$(BUNDLE_EXECUTABLE_FOLDER_PATH)/ChatApp";
			};
			name = Release;
		};
		6E92B6232AFDD52E004C4591 /* Debug */ = {
			isa = XCBuildConfiguration;
			buildSettings = {
				ALWAYS_EMBED_SWIFT_STANDARD_LIBRARIES = YES;
				CODE_SIGN_STYLE = Automatic;
				CURRENT_PROJECT_VERSION = 1;
				DEVELOPMENT_TEAM = 7YM75J8UJJ;
				GENERATE_INFOPLIST_FILE = YES;
				MARKETING_VERSION = 1.0;
				PRODUCT_BUNDLE_IDENTIFIER = com.CY.ChatAppUITests;
				PRODUCT_NAME = "$(TARGET_NAME)";
				SWIFT_EMIT_LOC_STRINGS = NO;
				SWIFT_VERSION = 5.0;
				TARGETED_DEVICE_FAMILY = "1,2";
				TEST_TARGET_NAME = ChatApp;
			};
			name = Debug;
		};
		6E92B6242AFDD52E004C4591 /* Release */ = {
			isa = XCBuildConfiguration;
			buildSettings = {
				ALWAYS_EMBED_SWIFT_STANDARD_LIBRARIES = YES;
				CODE_SIGN_STYLE = Automatic;
				CURRENT_PROJECT_VERSION = 1;
				DEVELOPMENT_TEAM = 7YM75J8UJJ;
				GENERATE_INFOPLIST_FILE = YES;
				MARKETING_VERSION = 1.0;
				PRODUCT_BUNDLE_IDENTIFIER = com.CY.ChatAppUITests;
				PRODUCT_NAME = "$(TARGET_NAME)";
				SWIFT_EMIT_LOC_STRINGS = NO;
				SWIFT_VERSION = 5.0;
				TARGETED_DEVICE_FAMILY = "1,2";
				TEST_TARGET_NAME = ChatApp;
			};
			name = Release;
		};
/* End XCBuildConfiguration section */

/* Begin XCConfigurationList section */
		6E92B5ED2AFDD52D004C4591 /* Build configuration list for PBXProject "ChatApp" */ = {
			isa = XCConfigurationList;
			buildConfigurations = (
				6E92B61A2AFDD52E004C4591 /* Debug */,
				6E92B61B2AFDD52E004C4591 /* Release */,
			);
			defaultConfigurationIsVisible = 0;
			defaultConfigurationName = Release;
		};
		6E92B61C2AFDD52E004C4591 /* Build configuration list for PBXNativeTarget "ChatApp" */ = {
			isa = XCConfigurationList;
			buildConfigurations = (
				6E92B61D2AFDD52E004C4591 /* Debug */,
				6E92B61E2AFDD52E004C4591 /* Release */,
			);
			defaultConfigurationIsVisible = 0;
			defaultConfigurationName = Release;
		};
		6E92B61F2AFDD52E004C4591 /* Build configuration list for PBXNativeTarget "ChatAppTests" */ = {
			isa = XCConfigurationList;
			buildConfigurations = (
				6E92B6202AFDD52E004C4591 /* Debug */,
				6E92B6212AFDD52E004C4591 /* Release */,
			);
			defaultConfigurationIsVisible = 0;
			defaultConfigurationName = Release;
		};
		6E92B6222AFDD52E004C4591 /* Build configuration list for PBXNativeTarget "ChatAppUITests" */ = {
			isa = XCConfigurationList;
			buildConfigurations = (
				6E92B6232AFDD52E004C4591 /* Debug */,
				6E92B6242AFDD52E004C4591 /* Release */,
			);
			defaultConfigurationIsVisible = 0;
			defaultConfigurationName = Release;
		};
/* End XCConfigurationList section */

/* Begin XCRemoteSwiftPackageReference section */
		6E2869662B04AFE50083A6E6 /* XCRemoteSwiftPackageReference "firebase-ios-sdk" */ = {
			isa = XCRemoteSwiftPackageReference;
			repositoryURL = "https://github.com/firebase/firebase-ios-sdk.git";
			requirement = {
				kind = upToNextMajorVersion;
				minimumVersion = 10.18.0;
			};
		};
		6E2869752B04B0290083A6E6 /* XCRemoteSwiftPackageReference "GoogleSignIn-iOS" */ = {
			isa = XCRemoteSwiftPackageReference;
			repositoryURL = "https://github.com/google/GoogleSignIn-iOS.git";
			requirement = {
				kind = upToNextMajorVersion;
				minimumVersion = 7.0.0;
			};
		};
		6E28697A2B04B0460083A6E6 /* XCRemoteSwiftPackageReference "SDWebImage" */ = {
			isa = XCRemoteSwiftPackageReference;
			repositoryURL = "https://github.com/SDWebImage/SDWebImage.git";
			requirement = {
				kind = upToNextMajorVersion;
				minimumVersion = 5.18.4;
			};
		};
		6E28697D2B04B05E0083A6E6 /* XCRemoteSwiftPackageReference "JGProgressHUD" */ = {
			isa = XCRemoteSwiftPackageReference;
			repositoryURL = "https://github.com/JonasGessner/JGProgressHUD.git";
			requirement = {
				kind = upToNextMajorVersion;
				minimumVersion = 2.2.0;
			};
		};
		6E2869882B05B4E60083A6E6 /* XCRemoteSwiftPackageReference "SwiftMessages" */ = {
			isa = XCRemoteSwiftPackageReference;
			repositoryURL = "https://github.com/SwiftKickMobile/SwiftMessages.git";
			requirement = {
				kind = upToNextMajorVersion;
				minimumVersion = 9.0.9;
			};
		};
		6E92B6322AFDF368004C4591 /* XCRemoteSwiftPackageReference "SnapKit" */ = {
			isa = XCRemoteSwiftPackageReference;
			repositoryURL = "https://github.com/SnapKit/SnapKit.git";
			requirement = {
				kind = upToNextMajorVersion;
				minimumVersion = 5.6.0;
			};
		};
		6E92B6422AFE0DF8004C4591 /* XCRemoteSwiftPackageReference "CombineCocoa" */ = {
			isa = XCRemoteSwiftPackageReference;
			repositoryURL = "https://github.com/CombineCommunity/CombineCocoa.git";
			requirement = {
				kind = upToNextMajorVersion;
				minimumVersion = 0.4.1;
			};
		};
		6EDD07562B0DCD9E00EB3620 /* XCRemoteSwiftPackageReference "CombineDataSources" */ = {
			isa = XCRemoteSwiftPackageReference;
			repositoryURL = "https://github.com/CombineCommunity/CombineDataSources.git";
			requirement = {
				kind = upToNextMajorVersion;
				minimumVersion = 0.2.5;
			};
		};
/* End XCRemoteSwiftPackageReference section */

/* Begin XCSwiftPackageProductDependency section */
		6E2869672B04AFE50083A6E6 /* FirebaseAuth */ = {
			isa = XCSwiftPackageProductDependency;
			package = 6E2869662B04AFE50083A6E6 /* XCRemoteSwiftPackageReference "firebase-ios-sdk" */;
			productName = FirebaseAuth;
		};
		6E2869692B04AFE50083A6E6 /* FirebaseDatabase */ = {
			isa = XCSwiftPackageProductDependency;
			package = 6E2869662B04AFE50083A6E6 /* XCRemoteSwiftPackageReference "firebase-ios-sdk" */;
			productName = FirebaseDatabase;
		};
		6E28696B2B04AFE50083A6E6 /* FirebaseDatabaseSwift */ = {
			isa = XCSwiftPackageProductDependency;
			package = 6E2869662B04AFE50083A6E6 /* XCRemoteSwiftPackageReference "firebase-ios-sdk" */;
			productName = FirebaseDatabaseSwift;
		};
		6E28696D2B04AFE50083A6E6 /* FirebaseFirestore */ = {
			isa = XCSwiftPackageProductDependency;
			package = 6E2869662B04AFE50083A6E6 /* XCRemoteSwiftPackageReference "firebase-ios-sdk" */;
			productName = FirebaseFirestore;
		};
		6E28696F2B04AFE50083A6E6 /* FirebaseFirestoreSwift */ = {
			isa = XCSwiftPackageProductDependency;
			package = 6E2869662B04AFE50083A6E6 /* XCRemoteSwiftPackageReference "firebase-ios-sdk" */;
			productName = FirebaseFirestoreSwift;
		};
		6E2869712B04AFE50083A6E6 /* FirebaseMessaging */ = {
			isa = XCSwiftPackageProductDependency;
			package = 6E2869662B04AFE50083A6E6 /* XCRemoteSwiftPackageReference "firebase-ios-sdk" */;
			productName = FirebaseMessaging;
		};
		6E2869732B04AFE50083A6E6 /* FirebaseStorage */ = {
			isa = XCSwiftPackageProductDependency;
			package = 6E2869662B04AFE50083A6E6 /* XCRemoteSwiftPackageReference "firebase-ios-sdk" */;
			productName = FirebaseStorage;
		};
		6E2869762B04B0290083A6E6 /* GoogleSignIn */ = {
			isa = XCSwiftPackageProductDependency;
			package = 6E2869752B04B0290083A6E6 /* XCRemoteSwiftPackageReference "GoogleSignIn-iOS" */;
			productName = GoogleSignIn;
		};
		6E2869782B04B0290083A6E6 /* GoogleSignInSwift */ = {
			isa = XCSwiftPackageProductDependency;
			package = 6E2869752B04B0290083A6E6 /* XCRemoteSwiftPackageReference "GoogleSignIn-iOS" */;
			productName = GoogleSignInSwift;
		};
		6E28697B2B04B0460083A6E6 /* SDWebImage */ = {
			isa = XCSwiftPackageProductDependency;
			package = 6E28697A2B04B0460083A6E6 /* XCRemoteSwiftPackageReference "SDWebImage" */;
			productName = SDWebImage;
		};
		6E28697E2B04B05E0083A6E6 /* JGProgressHUD */ = {
			isa = XCSwiftPackageProductDependency;
			package = 6E28697D2B04B05E0083A6E6 /* XCRemoteSwiftPackageReference "JGProgressHUD" */;
			productName = JGProgressHUD;
		};
		6E2869892B05B4E60083A6E6 /* SwiftMessages */ = {
			isa = XCSwiftPackageProductDependency;
			package = 6E2869882B05B4E60083A6E6 /* XCRemoteSwiftPackageReference "SwiftMessages" */;
			productName = SwiftMessages;
		};
		6E92B6332AFDF368004C4591 /* SnapKit */ = {
			isa = XCSwiftPackageProductDependency;
			package = 6E92B6322AFDF368004C4591 /* XCRemoteSwiftPackageReference "SnapKit" */;
			productName = SnapKit;
		};
		6E92B6432AFE0DF8004C4591 /* CombineCocoa */ = {
			isa = XCSwiftPackageProductDependency;
			package = 6E92B6422AFE0DF8004C4591 /* XCRemoteSwiftPackageReference "CombineCocoa" */;
			productName = CombineCocoa;
		};
		6EDD07572B0DCD9E00EB3620 /* CombineDataSources */ = {
			isa = XCSwiftPackageProductDependency;
			package = 6EDD07562B0DCD9E00EB3620 /* XCRemoteSwiftPackageReference "CombineDataSources" */;
			productName = CombineDataSources;
		};
/* End XCSwiftPackageProductDependency section */
	};
	rootObject = 6E92B5EA2AFDD52D004C4591 /* Project object */;
}
